// !$*UTF8*$!
{
	archiveVersion = 1;
	classes = {
	};
	objectVersion = 54;
	objects = {

/* Begin PBXBuildFile section */
		00DE223336970F9C11596423 /* libPods-plansaround.a in Frameworks */ = {isa = PBXBuildFile; fileRef = 271A43F4EA2992B2FDDD55CC /* libPods-plansaround.a */; };
		00E356F31AD99517003FC87E /* plansaroundTests.m in Sources */ = {isa = PBXBuildFile; fileRef = 00E356F21AD99517003FC87E /* plansaroundTests.m */; };
		01904F42B007483DA5216C3C /* Poppins-BoldItalic.ttf in Resources */ = {isa = PBXBuildFile; fileRef = CB26162B54FF4EC490DF304A /* Poppins-BoldItalic.ttf */; };
		040F7DED051F4FF3A39FA1E0 /* Poppins-Regular.ttf in Resources */ = {isa = PBXBuildFile; fileRef = F213C3B47AB241799B9FDA95 /* Poppins-Regular.ttf */; };
		13B07FBC1A68108700A75B9A /* AppDelegate.mm in Sources */ = {isa = PBXBuildFile; fileRef = 13B07FB01A68108700A75B9A /* AppDelegate.mm */; };
		13B07FBF1A68108700A75B9A /* Images.xcassets in Resources */ = {isa = PBXBuildFile; fileRef = 13B07FB51A68108700A75B9A /* Images.xcassets */; };
		13B07FC11A68108700A75B9A /* main.m in Sources */ = {isa = PBXBuildFile; fileRef = 13B07FB71A68108700A75B9A /* main.m */; };
		161EE7E7AC1B4A88866E0083 /* Poppins-ThinItalic.ttf in Resources */ = {isa = PBXBuildFile; fileRef = 7A5D60BF7E624EDBB6659F85 /* Poppins-ThinItalic.ttf */; };
		16C81095331C4D9FA825353E /* OFL.txt in Resources */ = {isa = PBXBuildFile; fileRef = 55A08B00E9F64FC3983B701E /* OFL.txt */; };
		2223ACA463D34765B6E4AB61 /* Poppins-ExtraLight.ttf in Resources */ = {isa = PBXBuildFile; fileRef = A8792E8E13A14EA2ADCCBCEA /* Poppins-ExtraLight.ttf */; };
		4033DF329B8345A08D8F7597 /* Poppins-Medium.ttf in Resources */ = {isa = PBXBuildFile; fileRef = E83473FAC71C4A64AFAE3DB3 /* Poppins-Medium.ttf */; };
		4C774F3BD82B4ECB921FD56E /* Poppins-MediumItalic.ttf in Resources */ = {isa = PBXBuildFile; fileRef = B5F33ACD4C8445F9A3DCAD18 /* Poppins-MediumItalic.ttf */; };
		55DA71563F3540E1876D7989 /* Poppins-Thin.ttf in Resources */ = {isa = PBXBuildFile; fileRef = DC8357B181FB41B6896E7B30 /* Poppins-Thin.ttf */; };
		6FEE9B023ED94D46AE779A5E /* Poppins-SemiBold.ttf in Resources */ = {isa = PBXBuildFile; fileRef = 745CC3612C014FD0A646F6DC /* Poppins-SemiBold.ttf */; };
		7B75ADBE25FB4773BB32A0E9 /* Poppins-BlackItalic.ttf in Resources */ = {isa = PBXBuildFile; fileRef = 9570B280FB69469CAB153047 /* Poppins-BlackItalic.ttf */; };
		7FDFACD22A174F56AD1377BA /* Poppins-ExtraBold.ttf in Resources */ = {isa = PBXBuildFile; fileRef = 70776B7FEC3346C7A2BC9B19 /* Poppins-ExtraBold.ttf */; };
		81AB9BB82411601600AC10FF /* LaunchScreen.storyboard in Resources */ = {isa = PBXBuildFile; fileRef = 81AB9BB72411601600AC10FF /* LaunchScreen.storyboard */; };
		81CD0C6477D54051BCC1F6AB /* Poppins-SemiBoldItalic.ttf in Resources */ = {isa = PBXBuildFile; fileRef = C5FE68DEF95B43F89EBB89C8 /* Poppins-SemiBoldItalic.ttf */; };
		8A4B7B8E2C0A436400150E62 /* GoogleService-Info.plist in Resources */ = {isa = PBXBuildFile; fileRef = 8A4B7B8D2C0A436400150E62 /* GoogleService-Info.plist */; };
		8A71B4602BF89F27004E3522 /* AIRDummyView.m in Sources */ = {isa = PBXBuildFile; fileRef = 8A71B42A2BF89F27004E3522 /* AIRDummyView.m */; };
		8A71B4612BF89F27004E3522 /* AIRGMSMarker.m in Sources */ = {isa = PBXBuildFile; fileRef = 8A71B42C2BF89F27004E3522 /* AIRGMSMarker.m */; };
		8A71B4622BF89F27004E3522 /* AIRGMSPolygon.m in Sources */ = {isa = PBXBuildFile; fileRef = 8A71B42E2BF89F27004E3522 /* AIRGMSPolygon.m */; };
		8A71B4632BF89F27004E3522 /* AIRGMSPolyline.m in Sources */ = {isa = PBXBuildFile; fileRef = 8A71B4302BF89F27004E3522 /* AIRGMSPolyline.m */; };
		8A71B4642BF89F27004E3522 /* AIRGoogleMap.m in Sources */ = {isa = PBXBuildFile; fileRef = 8A71B4322BF89F27004E3522 /* AIRGoogleMap.m */; };
		8A71B4652BF89F27004E3522 /* AIRGoogleMapCallout.m in Sources */ = {isa = PBXBuildFile; fileRef = 8A71B4342BF89F27004E3522 /* AIRGoogleMapCallout.m */; };
		8A71B4662BF89F27004E3522 /* AIRGoogleMapCalloutManager.m in Sources */ = {isa = PBXBuildFile; fileRef = 8A71B4362BF89F27004E3522 /* AIRGoogleMapCalloutManager.m */; };
		8A71B4672BF89F27004E3522 /* AIRGoogleMapCalloutSubview.m in Sources */ = {isa = PBXBuildFile; fileRef = 8A71B4382BF89F27004E3522 /* AIRGoogleMapCalloutSubview.m */; };
		8A71B4682BF89F27004E3522 /* AIRGoogleMapCalloutSubviewManager.m in Sources */ = {isa = PBXBuildFile; fileRef = 8A71B43A2BF89F27004E3522 /* AIRGoogleMapCalloutSubviewManager.m */; };
		8A71B4692BF89F27004E3522 /* AIRGoogleMapCircle.m in Sources */ = {isa = PBXBuildFile; fileRef = 8A71B43C2BF89F27004E3522 /* AIRGoogleMapCircle.m */; };
		8A71B46A2BF89F27004E3522 /* AIRGoogleMapCircleManager.m in Sources */ = {isa = PBXBuildFile; fileRef = 8A71B43E2BF89F27004E3522 /* AIRGoogleMapCircleManager.m */; };
		8A71B46B2BF89F27004E3522 /* AIRGoogleMapHeatmap.m in Sources */ = {isa = PBXBuildFile; fileRef = 8A71B4402BF89F27004E3522 /* AIRGoogleMapHeatmap.m */; };
		8A71B46C2BF89F27004E3522 /* AIRGoogleMapHeatmapManager.m in Sources */ = {isa = PBXBuildFile; fileRef = 8A71B4422BF89F27004E3522 /* AIRGoogleMapHeatmapManager.m */; };
		8A71B46D2BF89F27004E3522 /* AIRGoogleMapManager.m in Sources */ = {isa = PBXBuildFile; fileRef = 8A71B4442BF89F27004E3522 /* AIRGoogleMapManager.m */; };
		8A71B46E2BF89F27004E3522 /* AIRGoogleMapMarker.m in Sources */ = {isa = PBXBuildFile; fileRef = 8A71B4462BF89F27004E3522 /* AIRGoogleMapMarker.m */; };
		8A71B46F2BF89F27004E3522 /* AIRGoogleMapMarkerManager.m in Sources */ = {isa = PBXBuildFile; fileRef = 8A71B4482BF89F27004E3522 /* AIRGoogleMapMarkerManager.m */; };
		8A71B4702BF89F27004E3522 /* AIRGoogleMapOverlay.m in Sources */ = {isa = PBXBuildFile; fileRef = 8A71B44A2BF89F27004E3522 /* AIRGoogleMapOverlay.m */; };
		8A71B4712BF89F27004E3522 /* AIRGoogleMapOverlayManager.m in Sources */ = {isa = PBXBuildFile; fileRef = 8A71B44C2BF89F27004E3522 /* AIRGoogleMapOverlayManager.m */; };
		8A71B4722BF89F27004E3522 /* AIRGoogleMapPolygon.m in Sources */ = {isa = PBXBuildFile; fileRef = 8A71B44E2BF89F27004E3522 /* AIRGoogleMapPolygon.m */; };
		8A71B4732BF89F27004E3522 /* AIRGoogleMapPolygonManager.m in Sources */ = {isa = PBXBuildFile; fileRef = 8A71B4502BF89F27004E3522 /* AIRGoogleMapPolygonManager.m */; };
		8A71B4742BF89F27004E3522 /* AIRGoogleMapPolyline.m in Sources */ = {isa = PBXBuildFile; fileRef = 8A71B4522BF89F27004E3522 /* AIRGoogleMapPolyline.m */; };
		8A71B4752BF89F27004E3522 /* AIRGoogleMapPolylineManager.m in Sources */ = {isa = PBXBuildFile; fileRef = 8A71B4542BF89F27004E3522 /* AIRGoogleMapPolylineManager.m */; };
		8A71B4762BF89F27004E3522 /* AIRGoogleMapUrlTile.m in Sources */ = {isa = PBXBuildFile; fileRef = 8A71B4562BF89F27004E3522 /* AIRGoogleMapUrlTile.m */; };
		8A71B4772BF89F27004E3522 /* AIRGoogleMapURLTileManager.m in Sources */ = {isa = PBXBuildFile; fileRef = 8A71B4582BF89F27004E3522 /* AIRGoogleMapURLTileManager.m */; };
		8A71B4782BF89F27004E3522 /* AIRGoogleMapWMSTile.m in Sources */ = {isa = PBXBuildFile; fileRef = 8A71B45A2BF89F27004E3522 /* AIRGoogleMapWMSTile.m */; };
		8A71B4792BF89F27004E3522 /* AIRGoogleMapWMSTileManager.m in Sources */ = {isa = PBXBuildFile; fileRef = 8A71B45C2BF89F27004E3522 /* AIRGoogleMapWMSTileManager.m */; };
		8A71B47A2BF89F27004E3522 /* RCTConvert+GMSMapViewType.m in Sources */ = {isa = PBXBuildFile; fileRef = 8A71B45E2BF89F27004E3522 /* RCTConvert+GMSMapViewType.m */; };
		90FEE493E3C748C5B92BB74E /* Poppins-ExtraBoldItalic.ttf in Resources */ = {isa = PBXBuildFile; fileRef = E1676A5343D443C099AFC3D4 /* Poppins-ExtraBoldItalic.ttf */; };
		911084C62BE6283B002DE1EB /* assets in Resources */ = {isa = PBXBuildFile; fileRef = 911084C52BE6283A002DE1EB /* assets */; };
		911084D32BE62C8B002DE1EB /* Feather.ttf in Resources */ = {isa = PBXBuildFile; fileRef = 911084C92BE62C8B002DE1EB /* Feather.ttf */; };
		911084D42BE62C8B002DE1EB /* Ionicons.ttf in Resources */ = {isa = PBXBuildFile; fileRef = 911084CA2BE62C8B002DE1EB /* Ionicons.ttf */; };
		911084D52BE62C8B002DE1EB /* MaterialCommunityIcons.ttf in Resources */ = {isa = PBXBuildFile; fileRef = 911084CB2BE62C8B002DE1EB /* MaterialCommunityIcons.ttf */; };
		911084D62BE62C8B002DE1EB /* FontAwesome.ttf in Resources */ = {isa = PBXBuildFile; fileRef = 911084CC2BE62C8B002DE1EB /* FontAwesome.ttf */; };
		911084D72BE62C8B002DE1EB /* Octicons.ttf in Resources */ = {isa = PBXBuildFile; fileRef = 911084CD2BE62C8B002DE1EB /* Octicons.ttf */; };
		911084D82BE62C8B002DE1EB /* MaterialIcons.ttf in Resources */ = {isa = PBXBuildFile; fileRef = 911084CE2BE62C8B002DE1EB /* MaterialIcons.ttf */; };
		911084D92BE62C8B002DE1EB /* AntDesign.ttf in Resources */ = {isa = PBXBuildFile; fileRef = 911084CF2BE62C8B002DE1EB /* AntDesign.ttf */; };
		911084DA2BE62C8B002DE1EB /* FontAwesome6.ttf in Resources */ = {isa = PBXBuildFile; fileRef = 911084D02BE62C8B002DE1EB /* FontAwesome6.ttf */; };
		911084DB2BE62C8B002DE1EB /* Fontisto.ttf in Resources */ = {isa = PBXBuildFile; fileRef = 911084D12BE62C8B002DE1EB /* Fontisto.ttf */; };
		911084DC2BE62C8B002DE1EB /* Foundation.ttf in Resources */ = {isa = PBXBuildFile; fileRef = 911084D22BE62C8B002DE1EB /* Foundation.ttf */; };
		91D81AF62C122CAE00BAB172 /* main.jsbundle in Resources */ = {isa = PBXBuildFile; fileRef = 91D81AF52C122CAE00BAB172 /* main.jsbundle */; };
		A3F238EF2AFB42E7AC5AAFB0 /* Poppins-Bold.ttf in Resources */ = {isa = PBXBuildFile; fileRef = AB157A11367940849D751362 /* Poppins-Bold.ttf */; };
		A69DBCBCFD9745C5929FBA8A /* Poppins-ExtraLightItalic.ttf in Resources */ = {isa = PBXBuildFile; fileRef = 6DA1477B3E204DADB39F539F /* Poppins-ExtraLightItalic.ttf */; };
		B0E8C88443CA03454A16D407 /* libPods-plansaround-plansaroundTests.a in Frameworks */ = {isa = PBXBuildFile; fileRef = EF6696517AABA3EC57ADD61D /* libPods-plansaround-plansaroundTests.a */; };
		BB28D7E8823441E0AE88E1C8 /* Poppins-Black.ttf in Resources */ = {isa = PBXBuildFile; fileRef = 6490E4B428AE4BA2AB1245AA /* Poppins-Black.ttf */; };
		C8392BC9215D45F7814DC613 /* Poppins-Italic.ttf in Resources */ = {isa = PBXBuildFile; fileRef = 54091251B4A94E409EBAF030 /* Poppins-Italic.ttf */; };
		D3067D5F47874B0E9482619E /* Poppins-Light.ttf in Resources */ = {isa = PBXBuildFile; fileRef = 43B12842780E4069B3030F4B /* Poppins-Light.ttf */; };
		F083222FD814494EB170DB7E /* Poppins-LightItalic.ttf in Resources */ = {isa = PBXBuildFile; fileRef = CB44E5548A1C48A8868DBE29 /* Poppins-LightItalic.ttf */; };
/* End PBXBuildFile section */

/* Begin PBXContainerItemProxy section */
		00E356F41AD99517003FC87E /* PBXContainerItemProxy */ = {
			isa = PBXContainerItemProxy;
			containerPortal = 83CBB9F71A601CBA00E9B192 /* Project object */;
			proxyType = 1;
			remoteGlobalIDString = 13B07F861A680F5B00A75B9A;
			remoteInfo = plansaround;
		};
/* End PBXContainerItemProxy section */

/* Begin PBXFileReference section */
		00E356EE1AD99517003FC87E /* plansaroundTests.xctest */ = {isa = PBXFileReference; explicitFileType = wrapper.cfbundle; includeInIndex = 0; path = plansaroundTests.xctest; sourceTree = BUILT_PRODUCTS_DIR; };
		00E356F11AD99517003FC87E /* Info.plist */ = {isa = PBXFileReference; lastKnownFileType = text.plist.xml; path = Info.plist; sourceTree = "<group>"; };
		00E356F21AD99517003FC87E /* plansaroundTests.m */ = {isa = PBXFileReference; lastKnownFileType = sourcecode.c.objc; path = plansaroundTests.m; sourceTree = "<group>"; };
		13B07F961A680F5B00A75B9A /* plansaround.app */ = {isa = PBXFileReference; explicitFileType = wrapper.application; includeInIndex = 0; path = plansaround.app; sourceTree = BUILT_PRODUCTS_DIR; };
		13B07FAF1A68108700A75B9A /* AppDelegate.h */ = {isa = PBXFileReference; fileEncoding = 4; lastKnownFileType = sourcecode.c.h; name = AppDelegate.h; path = plansaround/AppDelegate.h; sourceTree = "<group>"; };
		13B07FB01A68108700A75B9A /* AppDelegate.mm */ = {isa = PBXFileReference; fileEncoding = 4; lastKnownFileType = sourcecode.cpp.objcpp; name = AppDelegate.mm; path = plansaround/AppDelegate.mm; sourceTree = "<group>"; };
		13B07FB51A68108700A75B9A /* Images.xcassets */ = {isa = PBXFileReference; lastKnownFileType = folder.assetcatalog; name = Images.xcassets; path = plansaround/Images.xcassets; sourceTree = "<group>"; };
		13B07FB61A68108700A75B9A /* Info.plist */ = {isa = PBXFileReference; fileEncoding = 4; lastKnownFileType = text.plist.xml; name = Info.plist; path = plansaround/Info.plist; sourceTree = "<group>"; };
		13B07FB71A68108700A75B9A /* main.m */ = {isa = PBXFileReference; fileEncoding = 4; lastKnownFileType = sourcecode.c.objc; name = main.m; path = plansaround/main.m; sourceTree = "<group>"; };
		271A43F4EA2992B2FDDD55CC /* libPods-plansaround.a */ = {isa = PBXFileReference; explicitFileType = archive.ar; includeInIndex = 0; path = "libPods-plansaround.a"; sourceTree = BUILT_PRODUCTS_DIR; };
		3D21724A0F919345C9FD4F1D /* Pods-plansaround.release.xcconfig */ = {isa = PBXFileReference; includeInIndex = 1; lastKnownFileType = text.xcconfig; name = "Pods-plansaround.release.xcconfig"; path = "Target Support Files/Pods-plansaround/Pods-plansaround.release.xcconfig"; sourceTree = "<group>"; };
		43B12842780E4069B3030F4B /* Poppins-Light.ttf */ = {isa = PBXFileReference; explicitFileType = undefined; fileEncoding = 9; includeInIndex = 0; lastKnownFileType = unknown; name = "Poppins-Light.ttf"; path = "../src/assets/fonts/Poppins-Light.ttf"; sourceTree = "<group>"; };
		54091251B4A94E409EBAF030 /* Poppins-Italic.ttf */ = {isa = PBXFileReference; explicitFileType = undefined; fileEncoding = 9; includeInIndex = 0; lastKnownFileType = unknown; name = "Poppins-Italic.ttf"; path = "../src/assets/fonts/Poppins-Italic.ttf"; sourceTree = "<group>"; };
		55A08B00E9F64FC3983B701E /* OFL.txt */ = {isa = PBXFileReference; explicitFileType = undefined; fileEncoding = 9; includeInIndex = 0; lastKnownFileType = unknown; name = OFL.txt; path = ../src/assets/fonts/OFL.txt; sourceTree = "<group>"; };
		6490E4B428AE4BA2AB1245AA /* Poppins-Black.ttf */ = {isa = PBXFileReference; explicitFileType = undefined; fileEncoding = 9; includeInIndex = 0; lastKnownFileType = unknown; name = "Poppins-Black.ttf"; path = "../src/assets/fonts/Poppins-Black.ttf"; sourceTree = "<group>"; };
		6DA1477B3E204DADB39F539F /* Poppins-ExtraLightItalic.ttf */ = {isa = PBXFileReference; explicitFileType = undefined; fileEncoding = 9; includeInIndex = 0; lastKnownFileType = unknown; name = "Poppins-ExtraLightItalic.ttf"; path = "../src/assets/fonts/Poppins-ExtraLightItalic.ttf"; sourceTree = "<group>"; };
		70776B7FEC3346C7A2BC9B19 /* Poppins-ExtraBold.ttf */ = {isa = PBXFileReference; explicitFileType = undefined; fileEncoding = 9; includeInIndex = 0; lastKnownFileType = unknown; name = "Poppins-ExtraBold.ttf"; path = "../src/assets/fonts/Poppins-ExtraBold.ttf"; sourceTree = "<group>"; };
		745CC3612C014FD0A646F6DC /* Poppins-SemiBold.ttf */ = {isa = PBXFileReference; explicitFileType = undefined; fileEncoding = 9; includeInIndex = 0; lastKnownFileType = unknown; name = "Poppins-SemiBold.ttf"; path = "../src/assets/fonts/Poppins-SemiBold.ttf"; sourceTree = "<group>"; };
		7A5D60BF7E624EDBB6659F85 /* Poppins-ThinItalic.ttf */ = {isa = PBXFileReference; explicitFileType = undefined; fileEncoding = 9; includeInIndex = 0; lastKnownFileType = unknown; name = "Poppins-ThinItalic.ttf"; path = "../src/assets/fonts/Poppins-ThinItalic.ttf"; sourceTree = "<group>"; };
		81AB9BB72411601600AC10FF /* LaunchScreen.storyboard */ = {isa = PBXFileReference; fileEncoding = 4; lastKnownFileType = file.storyboard; name = LaunchScreen.storyboard; path = plansaround/LaunchScreen.storyboard; sourceTree = "<group>"; };
		8A4B7B8D2C0A436400150E62 /* GoogleService-Info.plist */ = {isa = PBXFileReference; fileEncoding = 4; lastKnownFileType = text.plist.xml; name = "GoogleService-Info.plist"; path = "../../../../Downloads/GoogleService-Info.plist"; sourceTree = "<group>"; };
		8A71B4292BF89F27004E3522 /* AIRDummyView.h */ = {isa = PBXFileReference; fileEncoding = 4; lastKnownFileType = sourcecode.c.h; path = AIRDummyView.h; sourceTree = "<group>"; };
		8A71B42A2BF89F27004E3522 /* AIRDummyView.m */ = {isa = PBXFileReference; fileEncoding = 4; lastKnownFileType = sourcecode.c.objc; path = AIRDummyView.m; sourceTree = "<group>"; };
		8A71B42B2BF89F27004E3522 /* AIRGMSMarker.h */ = {isa = PBXFileReference; fileEncoding = 4; lastKnownFileType = sourcecode.c.h; path = AIRGMSMarker.h; sourceTree = "<group>"; };
		8A71B42C2BF89F27004E3522 /* AIRGMSMarker.m */ = {isa = PBXFileReference; fileEncoding = 4; lastKnownFileType = sourcecode.c.objc; path = AIRGMSMarker.m; sourceTree = "<group>"; };
		8A71B42D2BF89F27004E3522 /* AIRGMSPolygon.h */ = {isa = PBXFileReference; fileEncoding = 4; lastKnownFileType = sourcecode.c.h; path = AIRGMSPolygon.h; sourceTree = "<group>"; };
		8A71B42E2BF89F27004E3522 /* AIRGMSPolygon.m */ = {isa = PBXFileReference; fileEncoding = 4; lastKnownFileType = sourcecode.c.objc; path = AIRGMSPolygon.m; sourceTree = "<group>"; };
		8A71B42F2BF89F27004E3522 /* AIRGMSPolyline.h */ = {isa = PBXFileReference; fileEncoding = 4; lastKnownFileType = sourcecode.c.h; path = AIRGMSPolyline.h; sourceTree = "<group>"; };
		8A71B4302BF89F27004E3522 /* AIRGMSPolyline.m */ = {isa = PBXFileReference; fileEncoding = 4; lastKnownFileType = sourcecode.c.objc; path = AIRGMSPolyline.m; sourceTree = "<group>"; };
		8A71B4312BF89F27004E3522 /* AIRGoogleMap.h */ = {isa = PBXFileReference; fileEncoding = 4; lastKnownFileType = sourcecode.c.h; path = AIRGoogleMap.h; sourceTree = "<group>"; };
		8A71B4322BF89F27004E3522 /* AIRGoogleMap.m */ = {isa = PBXFileReference; fileEncoding = 4; lastKnownFileType = sourcecode.c.objc; path = AIRGoogleMap.m; sourceTree = "<group>"; };
		8A71B4332BF89F27004E3522 /* AIRGoogleMapCallout.h */ = {isa = PBXFileReference; fileEncoding = 4; lastKnownFileType = sourcecode.c.h; path = AIRGoogleMapCallout.h; sourceTree = "<group>"; };
		8A71B4342BF89F27004E3522 /* AIRGoogleMapCallout.m */ = {isa = PBXFileReference; fileEncoding = 4; lastKnownFileType = sourcecode.c.objc; path = AIRGoogleMapCallout.m; sourceTree = "<group>"; };
		8A71B4352BF89F27004E3522 /* AIRGoogleMapCalloutManager.h */ = {isa = PBXFileReference; fileEncoding = 4; lastKnownFileType = sourcecode.c.h; path = AIRGoogleMapCalloutManager.h; sourceTree = "<group>"; };
		8A71B4362BF89F27004E3522 /* AIRGoogleMapCalloutManager.m */ = {isa = PBXFileReference; fileEncoding = 4; lastKnownFileType = sourcecode.c.objc; path = AIRGoogleMapCalloutManager.m; sourceTree = "<group>"; };
		8A71B4372BF89F27004E3522 /* AIRGoogleMapCalloutSubview.h */ = {isa = PBXFileReference; fileEncoding = 4; lastKnownFileType = sourcecode.c.h; path = AIRGoogleMapCalloutSubview.h; sourceTree = "<group>"; };
		8A71B4382BF89F27004E3522 /* AIRGoogleMapCalloutSubview.m */ = {isa = PBXFileReference; fileEncoding = 4; lastKnownFileType = sourcecode.c.objc; path = AIRGoogleMapCalloutSubview.m; sourceTree = "<group>"; };
		8A71B4392BF89F27004E3522 /* AIRGoogleMapCalloutSubviewManager.h */ = {isa = PBXFileReference; fileEncoding = 4; lastKnownFileType = sourcecode.c.h; path = AIRGoogleMapCalloutSubviewManager.h; sourceTree = "<group>"; };
		8A71B43A2BF89F27004E3522 /* AIRGoogleMapCalloutSubviewManager.m */ = {isa = PBXFileReference; fileEncoding = 4; lastKnownFileType = sourcecode.c.objc; path = AIRGoogleMapCalloutSubviewManager.m; sourceTree = "<group>"; };
		8A71B43B2BF89F27004E3522 /* AIRGoogleMapCircle.h */ = {isa = PBXFileReference; fileEncoding = 4; lastKnownFileType = sourcecode.c.h; path = AIRGoogleMapCircle.h; sourceTree = "<group>"; };
		8A71B43C2BF89F27004E3522 /* AIRGoogleMapCircle.m */ = {isa = PBXFileReference; fileEncoding = 4; lastKnownFileType = sourcecode.c.objc; path = AIRGoogleMapCircle.m; sourceTree = "<group>"; };
		8A71B43D2BF89F27004E3522 /* AIRGoogleMapCircleManager.h */ = {isa = PBXFileReference; fileEncoding = 4; lastKnownFileType = sourcecode.c.h; path = AIRGoogleMapCircleManager.h; sourceTree = "<group>"; };
		8A71B43E2BF89F27004E3522 /* AIRGoogleMapCircleManager.m */ = {isa = PBXFileReference; fileEncoding = 4; lastKnownFileType = sourcecode.c.objc; path = AIRGoogleMapCircleManager.m; sourceTree = "<group>"; };
		8A71B43F2BF89F27004E3522 /* AIRGoogleMapHeatmap.h */ = {isa = PBXFileReference; fileEncoding = 4; lastKnownFileType = sourcecode.c.h; path = AIRGoogleMapHeatmap.h; sourceTree = "<group>"; };
		8A71B4402BF89F27004E3522 /* AIRGoogleMapHeatmap.m */ = {isa = PBXFileReference; fileEncoding = 4; lastKnownFileType = sourcecode.c.objc; path = AIRGoogleMapHeatmap.m; sourceTree = "<group>"; };
		8A71B4412BF89F27004E3522 /* AIRGoogleMapHeatmapManager.h */ = {isa = PBXFileReference; fileEncoding = 4; lastKnownFileType = sourcecode.c.h; path = AIRGoogleMapHeatmapManager.h; sourceTree = "<group>"; };
		8A71B4422BF89F27004E3522 /* AIRGoogleMapHeatmapManager.m */ = {isa = PBXFileReference; fileEncoding = 4; lastKnownFileType = sourcecode.c.objc; path = AIRGoogleMapHeatmapManager.m; sourceTree = "<group>"; };
		8A71B4432BF89F27004E3522 /* AIRGoogleMapManager.h */ = {isa = PBXFileReference; fileEncoding = 4; lastKnownFileType = sourcecode.c.h; path = AIRGoogleMapManager.h; sourceTree = "<group>"; };
		8A71B4442BF89F27004E3522 /* AIRGoogleMapManager.m */ = {isa = PBXFileReference; fileEncoding = 4; lastKnownFileType = sourcecode.c.objc; path = AIRGoogleMapManager.m; sourceTree = "<group>"; };
		8A71B4452BF89F27004E3522 /* AIRGoogleMapMarker.h */ = {isa = PBXFileReference; fileEncoding = 4; lastKnownFileType = sourcecode.c.h; path = AIRGoogleMapMarker.h; sourceTree = "<group>"; };
		8A71B4462BF89F27004E3522 /* AIRGoogleMapMarker.m */ = {isa = PBXFileReference; fileEncoding = 4; lastKnownFileType = sourcecode.c.objc; path = AIRGoogleMapMarker.m; sourceTree = "<group>"; };
		8A71B4472BF89F27004E3522 /* AIRGoogleMapMarkerManager.h */ = {isa = PBXFileReference; fileEncoding = 4; lastKnownFileType = sourcecode.c.h; path = AIRGoogleMapMarkerManager.h; sourceTree = "<group>"; };
		8A71B4482BF89F27004E3522 /* AIRGoogleMapMarkerManager.m */ = {isa = PBXFileReference; fileEncoding = 4; lastKnownFileType = sourcecode.c.objc; path = AIRGoogleMapMarkerManager.m; sourceTree = "<group>"; };
		8A71B4492BF89F27004E3522 /* AIRGoogleMapOverlay.h */ = {isa = PBXFileReference; fileEncoding = 4; lastKnownFileType = sourcecode.c.h; path = AIRGoogleMapOverlay.h; sourceTree = "<group>"; };
		8A71B44A2BF89F27004E3522 /* AIRGoogleMapOverlay.m */ = {isa = PBXFileReference; fileEncoding = 4; lastKnownFileType = sourcecode.c.objc; path = AIRGoogleMapOverlay.m; sourceTree = "<group>"; };
		8A71B44B2BF89F27004E3522 /* AIRGoogleMapOverlayManager.h */ = {isa = PBXFileReference; fileEncoding = 4; lastKnownFileType = sourcecode.c.h; path = AIRGoogleMapOverlayManager.h; sourceTree = "<group>"; };
		8A71B44C2BF89F27004E3522 /* AIRGoogleMapOverlayManager.m */ = {isa = PBXFileReference; fileEncoding = 4; lastKnownFileType = sourcecode.c.objc; path = AIRGoogleMapOverlayManager.m; sourceTree = "<group>"; };
		8A71B44D2BF89F27004E3522 /* AIRGoogleMapPolygon.h */ = {isa = PBXFileReference; fileEncoding = 4; lastKnownFileType = sourcecode.c.h; path = AIRGoogleMapPolygon.h; sourceTree = "<group>"; };
		8A71B44E2BF89F27004E3522 /* AIRGoogleMapPolygon.m */ = {isa = PBXFileReference; fileEncoding = 4; lastKnownFileType = sourcecode.c.objc; path = AIRGoogleMapPolygon.m; sourceTree = "<group>"; };
		8A71B44F2BF89F27004E3522 /* AIRGoogleMapPolygonManager.h */ = {isa = PBXFileReference; fileEncoding = 4; lastKnownFileType = sourcecode.c.h; path = AIRGoogleMapPolygonManager.h; sourceTree = "<group>"; };
		8A71B4502BF89F27004E3522 /* AIRGoogleMapPolygonManager.m */ = {isa = PBXFileReference; fileEncoding = 4; lastKnownFileType = sourcecode.c.objc; path = AIRGoogleMapPolygonManager.m; sourceTree = "<group>"; };
		8A71B4512BF89F27004E3522 /* AIRGoogleMapPolyline.h */ = {isa = PBXFileReference; fileEncoding = 4; lastKnownFileType = sourcecode.c.h; path = AIRGoogleMapPolyline.h; sourceTree = "<group>"; };
		8A71B4522BF89F27004E3522 /* AIRGoogleMapPolyline.m */ = {isa = PBXFileReference; fileEncoding = 4; lastKnownFileType = sourcecode.c.objc; path = AIRGoogleMapPolyline.m; sourceTree = "<group>"; };
		8A71B4532BF89F27004E3522 /* AIRGoogleMapPolylineManager.h */ = {isa = PBXFileReference; fileEncoding = 4; lastKnownFileType = sourcecode.c.h; path = AIRGoogleMapPolylineManager.h; sourceTree = "<group>"; };
		8A71B4542BF89F27004E3522 /* AIRGoogleMapPolylineManager.m */ = {isa = PBXFileReference; fileEncoding = 4; lastKnownFileType = sourcecode.c.objc; path = AIRGoogleMapPolylineManager.m; sourceTree = "<group>"; };
		8A71B4552BF89F27004E3522 /* AIRGoogleMapUrlTile.h */ = {isa = PBXFileReference; fileEncoding = 4; lastKnownFileType = sourcecode.c.h; path = AIRGoogleMapUrlTile.h; sourceTree = "<group>"; };
		8A71B4562BF89F27004E3522 /* AIRGoogleMapUrlTile.m */ = {isa = PBXFileReference; fileEncoding = 4; lastKnownFileType = sourcecode.c.objc; path = AIRGoogleMapUrlTile.m; sourceTree = "<group>"; };
		8A71B4572BF89F27004E3522 /* AIRGoogleMapUrlTileManager.h */ = {isa = PBXFileReference; fileEncoding = 4; lastKnownFileType = sourcecode.c.h; path = AIRGoogleMapUrlTileManager.h; sourceTree = "<group>"; };
		8A71B4582BF89F27004E3522 /* AIRGoogleMapURLTileManager.m */ = {isa = PBXFileReference; fileEncoding = 4; lastKnownFileType = sourcecode.c.objc; path = AIRGoogleMapURLTileManager.m; sourceTree = "<group>"; };
		8A71B4592BF89F27004E3522 /* AIRGoogleMapWMSTile.h */ = {isa = PBXFileReference; fileEncoding = 4; lastKnownFileType = sourcecode.c.h; path = AIRGoogleMapWMSTile.h; sourceTree = "<group>"; };
		8A71B45A2BF89F27004E3522 /* AIRGoogleMapWMSTile.m */ = {isa = PBXFileReference; fileEncoding = 4; lastKnownFileType = sourcecode.c.objc; path = AIRGoogleMapWMSTile.m; sourceTree = "<group>"; };
		8A71B45B2BF89F27004E3522 /* AIRGoogleMapWMSTileManager.h */ = {isa = PBXFileReference; fileEncoding = 4; lastKnownFileType = sourcecode.c.h; path = AIRGoogleMapWMSTileManager.h; sourceTree = "<group>"; };
		8A71B45C2BF89F27004E3522 /* AIRGoogleMapWMSTileManager.m */ = {isa = PBXFileReference; fileEncoding = 4; lastKnownFileType = sourcecode.c.objc; path = AIRGoogleMapWMSTileManager.m; sourceTree = "<group>"; };
		8A71B45D2BF89F27004E3522 /* RCTConvert+GMSMapViewType.h */ = {isa = PBXFileReference; fileEncoding = 4; lastKnownFileType = sourcecode.c.h; path = "RCTConvert+GMSMapViewType.h"; sourceTree = "<group>"; };
		8A71B45E2BF89F27004E3522 /* RCTConvert+GMSMapViewType.m */ = {isa = PBXFileReference; fileEncoding = 4; lastKnownFileType = sourcecode.c.objc; path = "RCTConvert+GMSMapViewType.m"; sourceTree = "<group>"; };
		911084A82BE6157D002DE1EB /* plansaround.entitlements */ = {isa = PBXFileReference; lastKnownFileType = text.plist.entitlements; name = plansaround.entitlements; path = plansaround/plansaround.entitlements; sourceTree = "<group>"; };
		911084C52BE6283A002DE1EB /* assets */ = {isa = PBXFileReference; lastKnownFileType = folder; name = assets; path = ../src/assets; sourceTree = "<group>"; };
		911084C92BE62C8B002DE1EB /* Feather.ttf */ = {isa = PBXFileReference; lastKnownFileType = file; name = Feather.ttf; path = ../src/assets/fonts/Feather.ttf; sourceTree = "<group>"; };
		911084CA2BE62C8B002DE1EB /* Ionicons.ttf */ = {isa = PBXFileReference; lastKnownFileType = file; name = Ionicons.ttf; path = ../src/assets/fonts/Ionicons.ttf; sourceTree = "<group>"; };
		911084CB2BE62C8B002DE1EB /* MaterialCommunityIcons.ttf */ = {isa = PBXFileReference; lastKnownFileType = file; name = MaterialCommunityIcons.ttf; path = ../src/assets/fonts/MaterialCommunityIcons.ttf; sourceTree = "<group>"; };
		911084CC2BE62C8B002DE1EB /* FontAwesome.ttf */ = {isa = PBXFileReference; lastKnownFileType = file; name = FontAwesome.ttf; path = ../src/assets/fonts/FontAwesome.ttf; sourceTree = "<group>"; };
		911084CD2BE62C8B002DE1EB /* Octicons.ttf */ = {isa = PBXFileReference; lastKnownFileType = file; name = Octicons.ttf; path = ../src/assets/fonts/Octicons.ttf; sourceTree = "<group>"; };
		911084CE2BE62C8B002DE1EB /* MaterialIcons.ttf */ = {isa = PBXFileReference; lastKnownFileType = file; name = MaterialIcons.ttf; path = ../src/assets/fonts/MaterialIcons.ttf; sourceTree = "<group>"; };
		911084CF2BE62C8B002DE1EB /* AntDesign.ttf */ = {isa = PBXFileReference; lastKnownFileType = file; name = AntDesign.ttf; path = ../src/assets/fonts/AntDesign.ttf; sourceTree = "<group>"; };
		911084D02BE62C8B002DE1EB /* FontAwesome6.ttf */ = {isa = PBXFileReference; lastKnownFileType = file; name = FontAwesome6.ttf; path = ../src/assets/fonts/FontAwesome6.ttf; sourceTree = "<group>"; };
		911084D12BE62C8B002DE1EB /* Fontisto.ttf */ = {isa = PBXFileReference; lastKnownFileType = file; name = Fontisto.ttf; path = ../src/assets/fonts/Fontisto.ttf; sourceTree = "<group>"; };
		911084D22BE62C8B002DE1EB /* Foundation.ttf */ = {isa = PBXFileReference; lastKnownFileType = file; name = Foundation.ttf; path = ../src/assets/fonts/Foundation.ttf; sourceTree = "<group>"; };
		91D81AF52C122CAE00BAB172 /* main.jsbundle */ = {isa = PBXFileReference; fileEncoding = 4; lastKnownFileType = text; name = main.jsbundle; path = plansaround/main.jsbundle; sourceTree = "<group>"; };
		9570B280FB69469CAB153047 /* Poppins-BlackItalic.ttf */ = {isa = PBXFileReference; explicitFileType = undefined; fileEncoding = 9; includeInIndex = 0; lastKnownFileType = unknown; name = "Poppins-BlackItalic.ttf"; path = "../src/assets/fonts/Poppins-BlackItalic.ttf"; sourceTree = "<group>"; };
		A3B6276DF2E062887C8E2868 /* Pods-plansaround.debug.xcconfig */ = {isa = PBXFileReference; includeInIndex = 1; lastKnownFileType = text.xcconfig; name = "Pods-plansaround.debug.xcconfig"; path = "Target Support Files/Pods-plansaround/Pods-plansaround.debug.xcconfig"; sourceTree = "<group>"; };
		A8792E8E13A14EA2ADCCBCEA /* Poppins-ExtraLight.ttf */ = {isa = PBXFileReference; explicitFileType = undefined; fileEncoding = 9; includeInIndex = 0; lastKnownFileType = unknown; name = "Poppins-ExtraLight.ttf"; path = "../src/assets/fonts/Poppins-ExtraLight.ttf"; sourceTree = "<group>"; };
		AB157A11367940849D751362 /* Poppins-Bold.ttf */ = {isa = PBXFileReference; explicitFileType = undefined; fileEncoding = 9; includeInIndex = 0; lastKnownFileType = unknown; name = "Poppins-Bold.ttf"; path = "../src/assets/fonts/Poppins-Bold.ttf"; sourceTree = "<group>"; };
		B5F33ACD4C8445F9A3DCAD18 /* Poppins-MediumItalic.ttf */ = {isa = PBXFileReference; explicitFileType = undefined; fileEncoding = 9; includeInIndex = 0; lastKnownFileType = unknown; name = "Poppins-MediumItalic.ttf"; path = "../src/assets/fonts/Poppins-MediumItalic.ttf"; sourceTree = "<group>"; };
		B61D17622F9D9C3688A64D31 /* Pods-plansaround-plansaroundTests.release.xcconfig */ = {isa = PBXFileReference; includeInIndex = 1; lastKnownFileType = text.xcconfig; name = "Pods-plansaround-plansaroundTests.release.xcconfig"; path = "Target Support Files/Pods-plansaround-plansaroundTests/Pods-plansaround-plansaroundTests.release.xcconfig"; sourceTree = "<group>"; };
		C5FE68DEF95B43F89EBB89C8 /* Poppins-SemiBoldItalic.ttf */ = {isa = PBXFileReference; explicitFileType = undefined; fileEncoding = 9; includeInIndex = 0; lastKnownFileType = unknown; name = "Poppins-SemiBoldItalic.ttf"; path = "../src/assets/fonts/Poppins-SemiBoldItalic.ttf"; sourceTree = "<group>"; };
		CB26162B54FF4EC490DF304A /* Poppins-BoldItalic.ttf */ = {isa = PBXFileReference; explicitFileType = undefined; fileEncoding = 9; includeInIndex = 0; lastKnownFileType = unknown; name = "Poppins-BoldItalic.ttf"; path = "../src/assets/fonts/Poppins-BoldItalic.ttf"; sourceTree = "<group>"; };
		CB44E5548A1C48A8868DBE29 /* Poppins-LightItalic.ttf */ = {isa = PBXFileReference; explicitFileType = undefined; fileEncoding = 9; includeInIndex = 0; lastKnownFileType = unknown; name = "Poppins-LightItalic.ttf"; path = "../src/assets/fonts/Poppins-LightItalic.ttf"; sourceTree = "<group>"; };
		CB500F640295A79003AD8343 /* Pods-plansaround-plansaroundTests.debug.xcconfig */ = {isa = PBXFileReference; includeInIndex = 1; lastKnownFileType = text.xcconfig; name = "Pods-plansaround-plansaroundTests.debug.xcconfig"; path = "Target Support Files/Pods-plansaround-plansaroundTests/Pods-plansaround-plansaroundTests.debug.xcconfig"; sourceTree = "<group>"; };
		DC8357B181FB41B6896E7B30 /* Poppins-Thin.ttf */ = {isa = PBXFileReference; explicitFileType = undefined; fileEncoding = 9; includeInIndex = 0; lastKnownFileType = unknown; name = "Poppins-Thin.ttf"; path = "../src/assets/fonts/Poppins-Thin.ttf"; sourceTree = "<group>"; };
		E1676A5343D443C099AFC3D4 /* Poppins-ExtraBoldItalic.ttf */ = {isa = PBXFileReference; explicitFileType = undefined; fileEncoding = 9; includeInIndex = 0; lastKnownFileType = unknown; name = "Poppins-ExtraBoldItalic.ttf"; path = "../src/assets/fonts/Poppins-ExtraBoldItalic.ttf"; sourceTree = "<group>"; };
		E83473FAC71C4A64AFAE3DB3 /* Poppins-Medium.ttf */ = {isa = PBXFileReference; explicitFileType = undefined; fileEncoding = 9; includeInIndex = 0; lastKnownFileType = unknown; name = "Poppins-Medium.ttf"; path = "../src/assets/fonts/Poppins-Medium.ttf"; sourceTree = "<group>"; };
		ED297162215061F000B7C4FE /* JavaScriptCore.framework */ = {isa = PBXFileReference; lastKnownFileType = wrapper.framework; name = JavaScriptCore.framework; path = System/Library/Frameworks/JavaScriptCore.framework; sourceTree = SDKROOT; };
		EF6696517AABA3EC57ADD61D /* libPods-plansaround-plansaroundTests.a */ = {isa = PBXFileReference; explicitFileType = archive.ar; includeInIndex = 0; path = "libPods-plansaround-plansaroundTests.a"; sourceTree = BUILT_PRODUCTS_DIR; };
		F213C3B47AB241799B9FDA95 /* Poppins-Regular.ttf */ = {isa = PBXFileReference; explicitFileType = undefined; fileEncoding = 9; includeInIndex = 0; lastKnownFileType = unknown; name = "Poppins-Regular.ttf"; path = "../src/assets/fonts/Poppins-Regular.ttf"; sourceTree = "<group>"; };
/* End PBXFileReference section */

/* Begin PBXFrameworksBuildPhase section */
		00E356EB1AD99517003FC87E /* Frameworks */ = {
			isa = PBXFrameworksBuildPhase;
			buildActionMask = 2147483647;
			files = (
				B0E8C88443CA03454A16D407 /* libPods-plansaround-plansaroundTests.a in Frameworks */,
			);
			runOnlyForDeploymentPostprocessing = 0;
		};
		13B07F8C1A680F5B00A75B9A /* Frameworks */ = {
			isa = PBXFrameworksBuildPhase;
			buildActionMask = 2147483647;
			files = (
				00DE223336970F9C11596423 /* libPods-plansaround.a in Frameworks */,
			);
			runOnlyForDeploymentPostprocessing = 0;
		};
/* End PBXFrameworksBuildPhase section */

/* Begin PBXGroup section */
		00E356EF1AD99517003FC87E /* plansaroundTests */ = {
			isa = PBXGroup;
			children = (
				BBD78D7AC51CEA395F1C20DB /* Pods */,
				00E356F21AD99517003FC87E /* plansaroundTests.m */,
				00E356F01AD99517003FC87E /* Supporting Files */,
			);
			path = plansaroundTests;
			sourceTree = "<group>";
		};
		00E356F01AD99517003FC87E /* Supporting Files */ = {
			isa = PBXGroup;
			children = (
				00E356F11AD99517003FC87E /* Info.plist */,
			);
			name = "Supporting Files";
			sourceTree = "<group>";
		};
		13B07FAE1A68108700A75B9A /* plansaround */ = {
			isa = PBXGroup;
			children = (
				8A4B7B8D2C0A436400150E62 /* GoogleService-Info.plist */,
				91D81AF52C122CAE00BAB172 /* main.jsbundle */,
				911084A82BE6157D002DE1EB /* plansaround.entitlements */,
				13B07FAF1A68108700A75B9A /* AppDelegate.h */,
				13B07FB01A68108700A75B9A /* AppDelegate.mm */,
				13B07FB51A68108700A75B9A /* Images.xcassets */,
				13B07FB61A68108700A75B9A /* Info.plist */,
				81AB9BB72411601600AC10FF /* LaunchScreen.storyboard */,
				13B07FB71A68108700A75B9A /* main.m */,
			);
			name = plansaround;
			sourceTree = "<group>";
		};
		2D16E6871FA4F8E400B85C8A /* Frameworks */ = {
			isa = PBXGroup;
			children = (
				ED297162215061F000B7C4FE /* JavaScriptCore.framework */,
				271A43F4EA2992B2FDDD55CC /* libPods-plansaround.a */,
				EF6696517AABA3EC57ADD61D /* libPods-plansaround-plansaroundTests.a */,
			);
			name = Frameworks;
			sourceTree = "<group>";
		};
		75F22C7230A746C194FFABBF /* Resources */ = {
			isa = PBXGroup;
			children = (
				6490E4B428AE4BA2AB1245AA /* Poppins-Black.ttf */,
				9570B280FB69469CAB153047 /* Poppins-BlackItalic.ttf */,
				AB157A11367940849D751362 /* Poppins-Bold.ttf */,
				CB26162B54FF4EC490DF304A /* Poppins-BoldItalic.ttf */,
				70776B7FEC3346C7A2BC9B19 /* Poppins-ExtraBold.ttf */,
				E1676A5343D443C099AFC3D4 /* Poppins-ExtraBoldItalic.ttf */,
				A8792E8E13A14EA2ADCCBCEA /* Poppins-ExtraLight.ttf */,
				6DA1477B3E204DADB39F539F /* Poppins-ExtraLightItalic.ttf */,
				54091251B4A94E409EBAF030 /* Poppins-Italic.ttf */,
				43B12842780E4069B3030F4B /* Poppins-Light.ttf */,
				CB44E5548A1C48A8868DBE29 /* Poppins-LightItalic.ttf */,
				E83473FAC71C4A64AFAE3DB3 /* Poppins-Medium.ttf */,
				B5F33ACD4C8445F9A3DCAD18 /* Poppins-MediumItalic.ttf */,
				F213C3B47AB241799B9FDA95 /* Poppins-Regular.ttf */,
				745CC3612C014FD0A646F6DC /* Poppins-SemiBold.ttf */,
				C5FE68DEF95B43F89EBB89C8 /* Poppins-SemiBoldItalic.ttf */,
				DC8357B181FB41B6896E7B30 /* Poppins-Thin.ttf */,
				7A5D60BF7E624EDBB6659F85 /* Poppins-ThinItalic.ttf */,
				55A08B00E9F64FC3983B701E /* OFL.txt */,
			);
			name = Resources;
			sourceTree = "<group>";
		};
		832341AE1AAA6A7D00B99B32 /* Libraries */ = {
			isa = PBXGroup;
			children = (
			);
			name = Libraries;
			sourceTree = "<group>";
		};
		83CBB9F61A601CBA00E9B192 = {
			isa = PBXGroup;
			children = (
				8A71B45F2BF89F27004E3522 /* AirGoogleMaps */,
				911084CF2BE62C8B002DE1EB /* AntDesign.ttf */,
				911084C92BE62C8B002DE1EB /* Feather.ttf */,
				911084CC2BE62C8B002DE1EB /* FontAwesome.ttf */,
				911084D02BE62C8B002DE1EB /* FontAwesome6.ttf */,
				911084D12BE62C8B002DE1EB /* Fontisto.ttf */,
				911084D22BE62C8B002DE1EB /* Foundation.ttf */,
				911084CA2BE62C8B002DE1EB /* Ionicons.ttf */,
				911084CB2BE62C8B002DE1EB /* MaterialCommunityIcons.ttf */,
				911084CE2BE62C8B002DE1EB /* MaterialIcons.ttf */,
				911084CD2BE62C8B002DE1EB /* Octicons.ttf */,
				911084C52BE6283A002DE1EB /* assets */,
				13B07FAE1A68108700A75B9A /* plansaround */,
				832341AE1AAA6A7D00B99B32 /* Libraries */,
				00E356EF1AD99517003FC87E /* plansaroundTests */,
				83CBBA001A601CBA00E9B192 /* Products */,
				2D16E6871FA4F8E400B85C8A /* Frameworks */,
				75F22C7230A746C194FFABBF /* Resources */,
				A060306A0674D534462026E8 /* Pods */,
			);
			indentWidth = 2;
			sourceTree = "<group>";
			tabWidth = 2;
			usesTabs = 0;
		};
		83CBBA001A601CBA00E9B192 /* Products */ = {
			isa = PBXGroup;
			children = (
				13B07F961A680F5B00A75B9A /* plansaround.app */,
				00E356EE1AD99517003FC87E /* plansaroundTests.xctest */,
			);
			name = Products;
			sourceTree = "<group>";
		};
		8A71B45F2BF89F27004E3522 /* AirGoogleMaps */ = {
			isa = PBXGroup;
			children = (
				8A71B4292BF89F27004E3522 /* AIRDummyView.h */,
				8A71B42A2BF89F27004E3522 /* AIRDummyView.m */,
				8A71B42B2BF89F27004E3522 /* AIRGMSMarker.h */,
				8A71B42C2BF89F27004E3522 /* AIRGMSMarker.m */,
				8A71B42D2BF89F27004E3522 /* AIRGMSPolygon.h */,
				8A71B42E2BF89F27004E3522 /* AIRGMSPolygon.m */,
				8A71B42F2BF89F27004E3522 /* AIRGMSPolyline.h */,
				8A71B4302BF89F27004E3522 /* AIRGMSPolyline.m */,
				8A71B4312BF89F27004E3522 /* AIRGoogleMap.h */,
				8A71B4322BF89F27004E3522 /* AIRGoogleMap.m */,
				8A71B4332BF89F27004E3522 /* AIRGoogleMapCallout.h */,
				8A71B4342BF89F27004E3522 /* AIRGoogleMapCallout.m */,
				8A71B4352BF89F27004E3522 /* AIRGoogleMapCalloutManager.h */,
				8A71B4362BF89F27004E3522 /* AIRGoogleMapCalloutManager.m */,
				8A71B4372BF89F27004E3522 /* AIRGoogleMapCalloutSubview.h */,
				8A71B4382BF89F27004E3522 /* AIRGoogleMapCalloutSubview.m */,
				8A71B4392BF89F27004E3522 /* AIRGoogleMapCalloutSubviewManager.h */,
				8A71B43A2BF89F27004E3522 /* AIRGoogleMapCalloutSubviewManager.m */,
				8A71B43B2BF89F27004E3522 /* AIRGoogleMapCircle.h */,
				8A71B43C2BF89F27004E3522 /* AIRGoogleMapCircle.m */,
				8A71B43D2BF89F27004E3522 /* AIRGoogleMapCircleManager.h */,
				8A71B43E2BF89F27004E3522 /* AIRGoogleMapCircleManager.m */,
				8A71B43F2BF89F27004E3522 /* AIRGoogleMapHeatmap.h */,
				8A71B4402BF89F27004E3522 /* AIRGoogleMapHeatmap.m */,
				8A71B4412BF89F27004E3522 /* AIRGoogleMapHeatmapManager.h */,
				8A71B4422BF89F27004E3522 /* AIRGoogleMapHeatmapManager.m */,
				8A71B4432BF89F27004E3522 /* AIRGoogleMapManager.h */,
				8A71B4442BF89F27004E3522 /* AIRGoogleMapManager.m */,
				8A71B4452BF89F27004E3522 /* AIRGoogleMapMarker.h */,
				8A71B4462BF89F27004E3522 /* AIRGoogleMapMarker.m */,
				8A71B4472BF89F27004E3522 /* AIRGoogleMapMarkerManager.h */,
				8A71B4482BF89F27004E3522 /* AIRGoogleMapMarkerManager.m */,
				8A71B4492BF89F27004E3522 /* AIRGoogleMapOverlay.h */,
				8A71B44A2BF89F27004E3522 /* AIRGoogleMapOverlay.m */,
				8A71B44B2BF89F27004E3522 /* AIRGoogleMapOverlayManager.h */,
				8A71B44C2BF89F27004E3522 /* AIRGoogleMapOverlayManager.m */,
				8A71B44D2BF89F27004E3522 /* AIRGoogleMapPolygon.h */,
				8A71B44E2BF89F27004E3522 /* AIRGoogleMapPolygon.m */,
				8A71B44F2BF89F27004E3522 /* AIRGoogleMapPolygonManager.h */,
				8A71B4502BF89F27004E3522 /* AIRGoogleMapPolygonManager.m */,
				8A71B4512BF89F27004E3522 /* AIRGoogleMapPolyline.h */,
				8A71B4522BF89F27004E3522 /* AIRGoogleMapPolyline.m */,
				8A71B4532BF89F27004E3522 /* AIRGoogleMapPolylineManager.h */,
				8A71B4542BF89F27004E3522 /* AIRGoogleMapPolylineManager.m */,
				8A71B4552BF89F27004E3522 /* AIRGoogleMapUrlTile.h */,
				8A71B4562BF89F27004E3522 /* AIRGoogleMapUrlTile.m */,
				8A71B4572BF89F27004E3522 /* AIRGoogleMapUrlTileManager.h */,
				8A71B4582BF89F27004E3522 /* AIRGoogleMapURLTileManager.m */,
				8A71B4592BF89F27004E3522 /* AIRGoogleMapWMSTile.h */,
				8A71B45A2BF89F27004E3522 /* AIRGoogleMapWMSTile.m */,
				8A71B45B2BF89F27004E3522 /* AIRGoogleMapWMSTileManager.h */,
				8A71B45C2BF89F27004E3522 /* AIRGoogleMapWMSTileManager.m */,
				8A71B45D2BF89F27004E3522 /* RCTConvert+GMSMapViewType.h */,
				8A71B45E2BF89F27004E3522 /* RCTConvert+GMSMapViewType.m */,
			);
			name = AirGoogleMaps;
			path = "../node_modules/react-native-maps/ios/AirGoogleMaps";
			sourceTree = "<group>";
		};
		A060306A0674D534462026E8 /* Pods */ = {
			isa = PBXGroup;
			children = (
				A3B6276DF2E062887C8E2868 /* Pods-plansaround.debug.xcconfig */,
				3D21724A0F919345C9FD4F1D /* Pods-plansaround.release.xcconfig */,
				CB500F640295A79003AD8343 /* Pods-plansaround-plansaroundTests.debug.xcconfig */,
				B61D17622F9D9C3688A64D31 /* Pods-plansaround-plansaroundTests.release.xcconfig */,
			);
			path = Pods;
			sourceTree = "<group>";
		};
		BBD78D7AC51CEA395F1C20DB /* Pods */ = {
			isa = PBXGroup;
			children = (
			);
			path = Pods;
			sourceTree = "<group>";
		};
/* End PBXGroup section */

/* Begin PBXNativeTarget section */
		00E356ED1AD99517003FC87E /* plansaroundTests */ = {
			isa = PBXNativeTarget;
			buildConfigurationList = 00E357021AD99517003FC87E /* Build configuration list for PBXNativeTarget "plansaroundTests" */;
			buildPhases = (
				1500C9D8A99FB44E391302BB /* [CP] Check Pods Manifest.lock */,
				00E356EA1AD99517003FC87E /* Sources */,
				00E356EB1AD99517003FC87E /* Frameworks */,
				00E356EC1AD99517003FC87E /* Resources */,
				88C05C3F3AE34F9E57F45FA4 /* [CP] Embed Pods Frameworks */,
				58A7E997A1B19DFCD96CEC2D /* [CP] Copy Pods Resources */,
			);
			buildRules = (
			);
			dependencies = (
				00E356F51AD99517003FC87E /* PBXTargetDependency */,
			);
			name = plansaroundTests;
			productName = plansaroundTests;
			productReference = 00E356EE1AD99517003FC87E /* plansaroundTests.xctest */;
			productType = "com.apple.product-type.bundle.unit-test";
		};
		13B07F861A680F5B00A75B9A /* plansaround */ = {
			isa = PBXNativeTarget;
			buildConfigurationList = 13B07F931A680F5B00A75B9A /* Build configuration list for PBXNativeTarget "plansaround" */;
			buildPhases = (
				C6748A14E311C39E4F6BE042 /* [CP] Check Pods Manifest.lock */,
				FD10A7F022414F080027D42C /* Start Packager */,
				13B07F871A680F5B00A75B9A /* Sources */,
				13B07F8C1A680F5B00A75B9A /* Frameworks */,
				13B07F8E1A680F5B00A75B9A /* Resources */,
				00DD1BFF1BD5951E006B06BC /* Bundle React Native code and images */,
				4C35F505AC2A534B97412B7A /* [CP] Embed Pods Frameworks */,
				05295E6293817B1A0ECDB22E /* [CP] Copy Pods Resources */,
				B6CBD54E5FFE52314BE1BE85 /* [CP-User] [RNFB] Core Configuration */,
			);
			buildRules = (
			);
			dependencies = (
			);
			name = plansaround;
			productName = plansaround;
			productReference = 13B07F961A680F5B00A75B9A /* plansaround.app */;
			productType = "com.apple.product-type.application";
		};
/* End PBXNativeTarget section */

/* Begin PBXProject section */
		83CBB9F71A601CBA00E9B192 /* Project object */ = {
			isa = PBXProject;
			attributes = {
				LastUpgradeCheck = 1210;
				TargetAttributes = {
					00E356ED1AD99517003FC87E = {
						CreatedOnToolsVersion = 6.2;
						TestTargetID = 13B07F861A680F5B00A75B9A;
					};
					13B07F861A680F5B00A75B9A = {
						LastSwiftMigration = 1120;
					};
				};
			};
			buildConfigurationList = 83CBB9FA1A601CBA00E9B192 /* Build configuration list for PBXProject "plansaround" */;
			compatibilityVersion = "Xcode 12.0";
			developmentRegion = en;
			hasScannedForEncodings = 0;
			knownRegions = (
				en,
				Base,
			);
			mainGroup = 83CBB9F61A601CBA00E9B192;
			productRefGroup = 83CBBA001A601CBA00E9B192 /* Products */;
			projectDirPath = "";
			projectRoot = "";
			targets = (
				13B07F861A680F5B00A75B9A /* plansaround */,
				00E356ED1AD99517003FC87E /* plansaroundTests */,
			);
		};
/* End PBXProject section */

/* Begin PBXResourcesBuildPhase section */
		00E356EC1AD99517003FC87E /* Resources */ = {
			isa = PBXResourcesBuildPhase;
			buildActionMask = 2147483647;
			files = (
			);
			runOnlyForDeploymentPostprocessing = 0;
		};
		13B07F8E1A680F5B00A75B9A /* Resources */ = {
			isa = PBXResourcesBuildPhase;
			buildActionMask = 2147483647;
			files = (
				911084D32BE62C8B002DE1EB /* Feather.ttf in Resources */,
				911084D42BE62C8B002DE1EB /* Ionicons.ttf in Resources */,
				911084D52BE62C8B002DE1EB /* MaterialCommunityIcons.ttf in Resources */,
				911084D62BE62C8B002DE1EB /* FontAwesome.ttf in Resources */,
				911084D72BE62C8B002DE1EB /* Octicons.ttf in Resources */,
				911084D82BE62C8B002DE1EB /* MaterialIcons.ttf in Resources */,
				911084D92BE62C8B002DE1EB /* AntDesign.ttf in Resources */,
				911084DA2BE62C8B002DE1EB /* FontAwesome6.ttf in Resources */,
				911084DB2BE62C8B002DE1EB /* Fontisto.ttf in Resources */,
				911084DC2BE62C8B002DE1EB /* Foundation.ttf in Resources */,
				911084C62BE6283B002DE1EB /* assets in Resources */,
				81AB9BB82411601600AC10FF /* LaunchScreen.storyboard in Resources */,
				91D81AF62C122CAE00BAB172 /* main.jsbundle in Resources */,
				13B07FBF1A68108700A75B9A /* Images.xcassets in Resources */,
				BB28D7E8823441E0AE88E1C8 /* Poppins-Black.ttf in Resources */,
				7B75ADBE25FB4773BB32A0E9 /* Poppins-BlackItalic.ttf in Resources */,
				A3F238EF2AFB42E7AC5AAFB0 /* Poppins-Bold.ttf in Resources */,
				01904F42B007483DA5216C3C /* Poppins-BoldItalic.ttf in Resources */,
				7FDFACD22A174F56AD1377BA /* Poppins-ExtraBold.ttf in Resources */,
				90FEE493E3C748C5B92BB74E /* Poppins-ExtraBoldItalic.ttf in Resources */,
				2223ACA463D34765B6E4AB61 /* Poppins-ExtraLight.ttf in Resources */,
				A69DBCBCFD9745C5929FBA8A /* Poppins-ExtraLightItalic.ttf in Resources */,
				C8392BC9215D45F7814DC613 /* Poppins-Italic.ttf in Resources */,
				D3067D5F47874B0E9482619E /* Poppins-Light.ttf in Resources */,
				F083222FD814494EB170DB7E /* Poppins-LightItalic.ttf in Resources */,
				4033DF329B8345A08D8F7597 /* Poppins-Medium.ttf in Resources */,
				4C774F3BD82B4ECB921FD56E /* Poppins-MediumItalic.ttf in Resources */,
				040F7DED051F4FF3A39FA1E0 /* Poppins-Regular.ttf in Resources */,
				6FEE9B023ED94D46AE779A5E /* Poppins-SemiBold.ttf in Resources */,
				8A4B7B8E2C0A436400150E62 /* GoogleService-Info.plist in Resources */,
				81CD0C6477D54051BCC1F6AB /* Poppins-SemiBoldItalic.ttf in Resources */,
				55DA71563F3540E1876D7989 /* Poppins-Thin.ttf in Resources */,
				161EE7E7AC1B4A88866E0083 /* Poppins-ThinItalic.ttf in Resources */,
				16C81095331C4D9FA825353E /* OFL.txt in Resources */,
			);
			runOnlyForDeploymentPostprocessing = 0;
		};
/* End PBXResourcesBuildPhase section */

/* Begin PBXShellScriptBuildPhase section */
		00DD1BFF1BD5951E006B06BC /* Bundle React Native code and images */ = {
			isa = PBXShellScriptBuildPhase;
			buildActionMask = 2147483647;
			files = (
			);
			inputPaths = (
				"$(SRCROOT)/.xcode.env.local",
				"$(SRCROOT)/.xcode.env",
			);
			name = "Bundle React Native code and images";
			outputPaths = (
			);
			runOnlyForDeploymentPostprocessing = 0;
			shellPath = /bin/sh;
			shellScript = "set -e\n\nWITH_ENVIRONMENT=\"../node_modules/react-native/scripts/xcode/with-environment.sh\"\nREACT_NATIVE_XCODE=\"../node_modules/react-native/scripts/react-native-xcode.sh\"\n\n/bin/sh -c \"$WITH_ENVIRONMENT $REACT_NATIVE_XCODE\"\n";
		};
		05295E6293817B1A0ECDB22E /* [CP] Copy Pods Resources */ = {
			isa = PBXShellScriptBuildPhase;
			buildActionMask = 2147483647;
			files = (
			);
			inputFileListPaths = (
				"${PODS_ROOT}/Target Support Files/Pods-plansaround/Pods-plansaround-resources-${CONFIGURATION}-input-files.xcfilelist",
			);
			name = "[CP] Copy Pods Resources";
			outputFileListPaths = (
				"${PODS_ROOT}/Target Support Files/Pods-plansaround/Pods-plansaround-resources-${CONFIGURATION}-output-files.xcfilelist",
			);
			runOnlyForDeploymentPostprocessing = 0;
			shellPath = /bin/sh;
			shellScript = "\"${PODS_ROOT}/Target Support Files/Pods-plansaround/Pods-plansaround-resources.sh\"\n";
			showEnvVarsInLog = 0;
		};
		1500C9D8A99FB44E391302BB /* [CP] Check Pods Manifest.lock */ = {
			isa = PBXShellScriptBuildPhase;
			buildActionMask = 2147483647;
			files = (
			);
			inputFileListPaths = (
			);
			inputPaths = (
				"${PODS_PODFILE_DIR_PATH}/Podfile.lock",
				"${PODS_ROOT}/Manifest.lock",
			);
			name = "[CP] Check Pods Manifest.lock";
			outputFileListPaths = (
			);
			outputPaths = (
				"$(DERIVED_FILE_DIR)/Pods-plansaround-plansaroundTests-checkManifestLockResult.txt",
			);
			runOnlyForDeploymentPostprocessing = 0;
			shellPath = /bin/sh;
			shellScript = "diff \"${PODS_PODFILE_DIR_PATH}/Podfile.lock\" \"${PODS_ROOT}/Manifest.lock\" > /dev/null\nif [ $? != 0 ] ; then\n    # print error to STDERR\n    echo \"error: The sandbox is not in sync with the Podfile.lock. Run 'pod install' or update your CocoaPods installation.\" >&2\n    exit 1\nfi\n# This output is used by Xcode 'outputs' to avoid re-running this script phase.\necho \"SUCCESS\" > \"${SCRIPT_OUTPUT_FILE_0}\"\n";
			showEnvVarsInLog = 0;
		};
		4C35F505AC2A534B97412B7A /* [CP] Embed Pods Frameworks */ = {
			isa = PBXShellScriptBuildPhase;
			buildActionMask = 2147483647;
			files = (
			);
			inputFileListPaths = (
				"${PODS_ROOT}/Target Support Files/Pods-plansaround/Pods-plansaround-frameworks-${CONFIGURATION}-input-files.xcfilelist",
			);
			name = "[CP] Embed Pods Frameworks";
			outputFileListPaths = (
				"${PODS_ROOT}/Target Support Files/Pods-plansaround/Pods-plansaround-frameworks-${CONFIGURATION}-output-files.xcfilelist",
			);
			runOnlyForDeploymentPostprocessing = 0;
			shellPath = /bin/sh;
			shellScript = "\"${PODS_ROOT}/Target Support Files/Pods-plansaround/Pods-plansaround-frameworks.sh\"\n";
			showEnvVarsInLog = 0;
		};
		58A7E997A1B19DFCD96CEC2D /* [CP] Copy Pods Resources */ = {
			isa = PBXShellScriptBuildPhase;
			buildActionMask = 2147483647;
			files = (
			);
			inputFileListPaths = (
				"${PODS_ROOT}/Target Support Files/Pods-plansaround-plansaroundTests/Pods-plansaround-plansaroundTests-resources-${CONFIGURATION}-input-files.xcfilelist",
			);
			name = "[CP] Copy Pods Resources";
			outputFileListPaths = (
				"${PODS_ROOT}/Target Support Files/Pods-plansaround-plansaroundTests/Pods-plansaround-plansaroundTests-resources-${CONFIGURATION}-output-files.xcfilelist",
			);
			runOnlyForDeploymentPostprocessing = 0;
			shellPath = /bin/sh;
			shellScript = "\"${PODS_ROOT}/Target Support Files/Pods-plansaround-plansaroundTests/Pods-plansaround-plansaroundTests-resources.sh\"\n";
			showEnvVarsInLog = 0;
		};
		88C05C3F3AE34F9E57F45FA4 /* [CP] Embed Pods Frameworks */ = {
			isa = PBXShellScriptBuildPhase;
			buildActionMask = 2147483647;
			files = (
			);
			inputFileListPaths = (
				"${PODS_ROOT}/Target Support Files/Pods-plansaround-plansaroundTests/Pods-plansaround-plansaroundTests-frameworks-${CONFIGURATION}-input-files.xcfilelist",
			);
			name = "[CP] Embed Pods Frameworks";
			outputFileListPaths = (
				"${PODS_ROOT}/Target Support Files/Pods-plansaround-plansaroundTests/Pods-plansaround-plansaroundTests-frameworks-${CONFIGURATION}-output-files.xcfilelist",
			);
			runOnlyForDeploymentPostprocessing = 0;
			shellPath = /bin/sh;
			shellScript = "\"${PODS_ROOT}/Target Support Files/Pods-plansaround-plansaroundTests/Pods-plansaround-plansaroundTests-frameworks.sh\"\n";
			showEnvVarsInLog = 0;
		};
		B6CBD54E5FFE52314BE1BE85 /* [CP-User] [RNFB] Core Configuration */ = {
			isa = PBXShellScriptBuildPhase;
			buildActionMask = 2147483647;
			files = (
			);
			inputPaths = (
				"$(BUILT_PRODUCTS_DIR)/$(INFOPLIST_PATH)",
			);
			name = "[CP-User] [RNFB] Core Configuration";
			runOnlyForDeploymentPostprocessing = 0;
			shellPath = /bin/sh;
			shellScript = "#!/usr/bin/env bash\n#\n# Copyright (c) 2016-present Invertase Limited & Contributors\n#\n# Licensed under the Apache License, Version 2.0 (the \"License\");\n# you may not use this library except in compliance with the License.\n# You may obtain a copy of the License at\n#\n#   http://www.apache.org/licenses/LICENSE-2.0\n#\n# Unless required by applicable law or agreed to in writing, software\n# distributed under the License is distributed on an \"AS IS\" BASIS,\n# WITHOUT WARRANTIES OR CONDITIONS OF ANY KIND, either express or implied.\n# See the License for the specific language governing permissions and\n# limitations under the License.\n#\nset -e\n\n_MAX_LOOKUPS=2;\n_SEARCH_RESULT=''\n_RN_ROOT_EXISTS=''\n_CURRENT_LOOKUPS=1\n_JSON_ROOT=\"'react-native'\"\n_JSON_FILE_NAME='firebase.json'\n_JSON_OUTPUT_BASE64='e30=' # { }\n_CURRENT_SEARCH_DIR=${PROJECT_DIR}\n_PLIST_BUDDY=/usr/libexec/PlistBuddy\n_TARGET_PLIST=\"${BUILT_PRODUCTS_DIR}/${INFOPLIST_PATH}\"\n_DSYM_PLIST=\"${DWARF_DSYM_FOLDER_PATH}/${DWARF_DSYM_FILE_NAME}/Contents/Info.plist\"\n\n# plist arrays\n_PLIST_ENTRY_KEYS=()\n_PLIST_ENTRY_TYPES=()\n_PLIST_ENTRY_VALUES=()\n\nfunction setPlistValue {\n  echo \"info:      setting plist entry '$1' of type '$2' in file '$4'\"\n  ${_PLIST_BUDDY} -c \"Add :$1 $2 '$3'\" $4 || echo \"info:      '$1' already exists\"\n}\n\nfunction getFirebaseJsonKeyValue () {\n  if [[ ${_RN_ROOT_EXISTS} ]]; then\n    ruby -e \"require 'rubygems';require 'json'; output=JSON.parse('$1'); puts output[$_JSON_ROOT]['$2']\"\n  else\n    echo \"\"\n  fi;\n}\n\nfunction jsonBoolToYesNo () {\n  if [[ $1 == \"false\" ]]; then\n    echo \"NO\"\n  elif [[ $1 == \"true\" ]]; then\n    echo \"YES\"\n  else echo \"NO\"\n  fi\n}\n\necho \"info: -> RNFB build script started\"\necho \"info: 1) Locating ${_JSON_FILE_NAME} file:\"\n\nif [[ -z ${_CURRENT_SEARCH_DIR} ]]; then\n  _CURRENT_SEARCH_DIR=$(pwd)\nfi;\n\nwhile true; do\n  _CURRENT_SEARCH_DIR=$(dirname \"$_CURRENT_SEARCH_DIR\")\n  if [[ \"$_CURRENT_SEARCH_DIR\" == \"/\" ]] || [[ ${_CURRENT_LOOKUPS} -gt ${_MAX_LOOKUPS} ]]; then break; fi;\n  echo \"info:      ($_CURRENT_LOOKUPS of $_MAX_LOOKUPS) Searching in '$_CURRENT_SEARCH_DIR' for a ${_JSON_FILE_NAME} file.\"\n  _SEARCH_RESULT=$(find \"$_CURRENT_SEARCH_DIR\" -maxdepth 2 -name ${_JSON_FILE_NAME} -print | /usr/bin/head -n 1)\n  if [[ ${_SEARCH_RESULT} ]]; then\n    echo \"info:      ${_JSON_FILE_NAME} found at $_SEARCH_RESULT\"\n    break;\n  fi;\n  _CURRENT_LOOKUPS=$((_CURRENT_LOOKUPS+1))\ndone\n\nif [[ ${_SEARCH_RESULT} ]]; then\n  _JSON_OUTPUT_RAW=$(cat \"${_SEARCH_RESULT}\")\n  _RN_ROOT_EXISTS=$(ruby -e \"require 'rubygems';require 'json'; output=JSON.parse('$_JSON_OUTPUT_RAW'); puts output[$_JSON_ROOT]\" || echo '')\n\n  if [[ ${_RN_ROOT_EXISTS} ]]; then\n    if ! python3 --version >/dev/null 2>&1; then echo \"python3 not found, firebase.json file processing error.\" && exit 1; fi\n    _JSON_OUTPUT_BASE64=$(python3 -c 'import json,sys,base64;print(base64.b64encode(bytes(json.dumps(json.loads(open('\"'${_SEARCH_RESULT}'\"', '\"'rb'\"').read())['${_JSON_ROOT}']), '\"'utf-8'\"')).decode())' || echo \"e30=\")\n  fi\n\n  _PLIST_ENTRY_KEYS+=(\"firebase_json_raw\")\n  _PLIST_ENTRY_TYPES+=(\"string\")\n  _PLIST_ENTRY_VALUES+=(\"$_JSON_OUTPUT_BASE64\")\n\n  # config.app_data_collection_default_enabled\n  _APP_DATA_COLLECTION_ENABLED=$(getFirebaseJsonKeyValue \"$_JSON_OUTPUT_RAW\" \"app_data_collection_default_enabled\")\n  if [[ $_APP_DATA_COLLECTION_ENABLED ]]; then\n    _PLIST_ENTRY_KEYS+=(\"FirebaseDataCollectionDefaultEnabled\")\n    _PLIST_ENTRY_TYPES+=(\"bool\")\n    _PLIST_ENTRY_VALUES+=(\"$(jsonBoolToYesNo \"$_APP_DATA_COLLECTION_ENABLED\")\")\n  fi\n\n  # config.analytics_auto_collection_enabled\n  _ANALYTICS_AUTO_COLLECTION=$(getFirebaseJsonKeyValue \"$_JSON_OUTPUT_RAW\" \"analytics_auto_collection_enabled\")\n  if [[ $_ANALYTICS_AUTO_COLLECTION ]]; then\n    _PLIST_ENTRY_KEYS+=(\"FIREBASE_ANALYTICS_COLLECTION_ENABLED\")\n    _PLIST_ENTRY_TYPES+=(\"bool\")\n    _PLIST_ENTRY_VALUES+=(\"$(jsonBoolToYesNo \"$_ANALYTICS_AUTO_COLLECTION\")\")\n  fi\n\n  # config.analytics_collection_deactivated\n  _ANALYTICS_DEACTIVATED=$(getFirebaseJsonKeyValue \"$_JSON_OUTPUT_RAW\" \"analytics_collection_deactivated\")\n  if [[ $_ANALYTICS_DEACTIVATED ]]; then\n    _PLIST_ENTRY_KEYS+=(\"FIREBASE_ANALYTICS_COLLECTION_DEACTIVATED\")\n    _PLIST_ENTRY_TYPES+=(\"bool\")\n    _PLIST_ENTRY_VALUES+=(\"$(jsonBoolToYesNo \"$_ANALYTICS_DEACTIVATED\")\")\n  fi\n\n  # config.analytics_idfv_collection_enabled\n  _ANALYTICS_IDFV_COLLECTION=$(getFirebaseJsonKeyValue \"$_JSON_OUTPUT_RAW\" \"analytics_idfv_collection_enabled\")\n  if [[ $_ANALYTICS_IDFV_COLLECTION ]]; then\n    _PLIST_ENTRY_KEYS+=(\"GOOGLE_ANALYTICS_IDFV_COLLECTION_ENABLED\")\n    _PLIST_ENTRY_TYPES+=(\"bool\")\n    _PLIST_ENTRY_VALUES+=(\"$(jsonBoolToYesNo \"$_ANALYTICS_IDFV_COLLECTION\")\")\n  fi\n\n  # config.analytics_default_allow_ad_personalization_signals\n  _ANALYTICS_PERSONALIZATION=$(getFirebaseJsonKeyValue \"$_JSON_OUTPUT_RAW\" \"analytics_default_allow_ad_personalization_signals\")\n  if [[ $_ANALYTICS_PERSONALIZATION ]]; then\n    _PLIST_ENTRY_KEYS+=(\"GOOGLE_ANALYTICS_DEFAULT_ALLOW_AD_PERSONALIZATION_SIGNALS\")\n    _PLIST_ENTRY_TYPES+=(\"bool\")\n    _PLIST_ENTRY_VALUES+=(\"$(jsonBoolToYesNo \"$_ANALYTICS_PERSONALIZATION\")\")\n  fi\n\n  # config.google_analytics_automatic_screen_reporting_enabled\n  _ANALYTICS_AUTO_SCREEN_REPORTING=$(getFirebaseJsonKeyValue \"$_JSON_OUTPUT_RAW\" \"google_analytics_automatic_screen_reporting_enabled\")\n  if [[ $_ANALYTICS_AUTO_SCREEN_REPORTING ]]; then\n    _PLIST_ENTRY_KEYS+=(\"FirebaseAutomaticScreenReportingEnabled\")\n    _PLIST_ENTRY_TYPES+=(\"bool\")\n    _PLIST_ENTRY_VALUES+=(\"$(jsonBoolToYesNo \"$_ANALYTICS_AUTO_SCREEN_REPORTING\")\")\n  fi\n\n  # config.perf_auto_collection_enabled\n  _PERF_AUTO_COLLECTION=$(getFirebaseJsonKeyValue \"$_JSON_OUTPUT_RAW\" \"perf_auto_collection_enabled\")\n  if [[ $_PERF_AUTO_COLLECTION ]]; then\n    _PLIST_ENTRY_KEYS+=(\"firebase_performance_collection_enabled\")\n    _PLIST_ENTRY_TYPES+=(\"bool\")\n    _PLIST_ENTRY_VALUES+=(\"$(jsonBoolToYesNo \"$_PERF_AUTO_COLLECTION\")\")\n  fi\n\n  # config.perf_collection_deactivated\n  _PERF_DEACTIVATED=$(getFirebaseJsonKeyValue \"$_JSON_OUTPUT_RAW\" \"perf_collection_deactivated\")\n  if [[ $_PERF_DEACTIVATED ]]; then\n    _PLIST_ENTRY_KEYS+=(\"firebase_performance_collection_deactivated\")\n    _PLIST_ENTRY_TYPES+=(\"bool\")\n    _PLIST_ENTRY_VALUES+=(\"$(jsonBoolToYesNo \"$_PERF_DEACTIVATED\")\")\n  fi\n\n  # config.messaging_auto_init_enabled\n  _MESSAGING_AUTO_INIT=$(getFirebaseJsonKeyValue \"$_JSON_OUTPUT_RAW\" \"messaging_auto_init_enabled\")\n  if [[ $_MESSAGING_AUTO_INIT ]]; then\n    _PLIST_ENTRY_KEYS+=(\"FirebaseMessagingAutoInitEnabled\")\n    _PLIST_ENTRY_TYPES+=(\"bool\")\n    _PLIST_ENTRY_VALUES+=(\"$(jsonBoolToYesNo \"$_MESSAGING_AUTO_INIT\")\")\n  fi\n\n  # config.in_app_messaging_auto_colllection_enabled\n  _FIAM_AUTO_INIT=$(getFirebaseJsonKeyValue \"$_JSON_OUTPUT_RAW\" \"in_app_messaging_auto_collection_enabled\")\n  if [[ $_FIAM_AUTO_INIT ]]; then\n    _PLIST_ENTRY_KEYS+=(\"FirebaseInAppMessagingAutomaticDataCollectionEnabled\")\n    _PLIST_ENTRY_TYPES+=(\"bool\")\n    _PLIST_ENTRY_VALUES+=(\"$(jsonBoolToYesNo \"$_FIAM_AUTO_INIT\")\")\n  fi\n\n  # config.app_check_token_auto_refresh\n  _APP_CHECK_TOKEN_AUTO_REFRESH=$(getFirebaseJsonKeyValue \"$_JSON_OUTPUT_RAW\" \"app_check_token_auto_refresh\")\n  if [[ $_APP_CHECK_TOKEN_AUTO_REFRESH ]]; then\n    _PLIST_ENTRY_KEYS+=(\"FirebaseAppCheckTokenAutoRefreshEnabled\")\n    _PLIST_ENTRY_TYPES+=(\"bool\")\n    _PLIST_ENTRY_VALUES+=(\"$(jsonBoolToYesNo \"$_APP_CHECK_TOKEN_AUTO_REFRESH\")\")\n  fi\n\n  # config.crashlytics_disable_auto_disabler - undocumented for now - mainly for debugging, document if becomes useful\n  _CRASHLYTICS_AUTO_DISABLE_ENABLED=$(getFirebaseJsonKeyValue \"$_JSON_OUTPUT_RAW\" \"crashlytics_disable_auto_disabler\")\n  if [[ $_CRASHLYTICS_AUTO_DISABLE_ENABLED == \"true\" ]]; then\n    echo \"Disabled Crashlytics auto disabler.\" # do nothing\n  else\n    _PLIST_ENTRY_KEYS+=(\"FirebaseCrashlyticsCollectionEnabled\")\n    _PLIST_ENTRY_TYPES+=(\"bool\")\n    _PLIST_ENTRY_VALUES+=(\"NO\")\n  fi\nelse\n  _PLIST_ENTRY_KEYS+=(\"firebase_json_raw\")\n  _PLIST_ENTRY_TYPES+=(\"string\")\n  _PLIST_ENTRY_VALUES+=(\"$_JSON_OUTPUT_BASE64\")\n  echo \"warning:   A firebase.json file was not found, whilst this file is optional it is recommended to include it to configure firebase services in React Native Firebase.\"\nfi;\n\necho \"info: 2) Injecting Info.plist entries: \"\n\n# Log out the keys we're adding\nfor i in \"${!_PLIST_ENTRY_KEYS[@]}\"; do\n  echo \"    ->  $i) ${_PLIST_ENTRY_KEYS[$i]}\" \"${_PLIST_ENTRY_TYPES[$i]}\" \"${_PLIST_ENTRY_VALUES[$i]}\"\ndone\n\nfor plist in \"${_TARGET_PLIST}\" \"${_DSYM_PLIST}\" ; do\n  if [[ -f \"${plist}\" ]]; then\n\n    # paths with spaces break the call to setPlistValue. temporarily modify\n    # the shell internal field separator variable (IFS), which normally\n    # includes spaces, to consist only of line breaks\n    oldifs=$IFS\n    IFS=\"\n\"\n\n    for i in \"${!_PLIST_ENTRY_KEYS[@]}\"; do\n      setPlistValue \"${_PLIST_ENTRY_KEYS[$i]}\" \"${_PLIST_ENTRY_TYPES[$i]}\" \"${_PLIST_ENTRY_VALUES[$i]}\" \"${plist}\"\n    done\n\n    # restore the original internal field separator value\n    IFS=$oldifs\n  else\n    echo \"warning:   A Info.plist build output file was not found (${plist})\"\n  fi\ndone\n\necho \"info: <- RNFB build script finished\"\n";
		};
		C6748A14E311C39E4F6BE042 /* [CP] Check Pods Manifest.lock */ = {
			isa = PBXShellScriptBuildPhase;
			buildActionMask = 2147483647;
			files = (
			);
			inputFileListPaths = (
			);
			inputPaths = (
				"${PODS_PODFILE_DIR_PATH}/Podfile.lock",
				"${PODS_ROOT}/Manifest.lock",
			);
			name = "[CP] Check Pods Manifest.lock";
			outputFileListPaths = (
			);
			outputPaths = (
				"$(DERIVED_FILE_DIR)/Pods-plansaround-checkManifestLockResult.txt",
			);
			runOnlyForDeploymentPostprocessing = 0;
			shellPath = /bin/sh;
			shellScript = "diff \"${PODS_PODFILE_DIR_PATH}/Podfile.lock\" \"${PODS_ROOT}/Manifest.lock\" > /dev/null\nif [ $? != 0 ] ; then\n    # print error to STDERR\n    echo \"error: The sandbox is not in sync with the Podfile.lock. Run 'pod install' or update your CocoaPods installation.\" >&2\n    exit 1\nfi\n# This output is used by Xcode 'outputs' to avoid re-running this script phase.\necho \"SUCCESS\" > \"${SCRIPT_OUTPUT_FILE_0}\"\n";
			showEnvVarsInLog = 0;
		};
		FD10A7F022414F080027D42C /* Start Packager */ = {
			isa = PBXShellScriptBuildPhase;
			buildActionMask = 2147483647;
			files = (
			);
			inputFileListPaths = (
			);
			inputPaths = (
			);
			name = "Start Packager";
			outputFileListPaths = (
			);
			outputPaths = (
			);
			runOnlyForDeploymentPostprocessing = 0;
			shellPath = /bin/sh;
			shellScript = "export RCT_METRO_PORT=\"${RCT_METRO_PORT:=8081}\"\necho \"export RCT_METRO_PORT=${RCT_METRO_PORT}\" > \"${SRCROOT}/../node_modules/react-native/scripts/.packager.env\"\nif [ -z \"${RCT_NO_LAUNCH_PACKAGER+xxx}\" ] ; then\n  if nc -w 5 -z localhost ${RCT_METRO_PORT} ; then\n    if ! curl -s \"http://localhost:${RCT_METRO_PORT}/status\" | grep -q \"packager-status:running\" ; then\n      echo \"Port ${RCT_METRO_PORT} already in use, packager is either not running or not running correctly\"\n      exit 2\n    fi\n  else\n    open \"$SRCROOT/../node_modules/react-native/scripts/launchPackager.command\" || echo \"Can't start packager automatically\"\n  fi\nfi\n";
			showEnvVarsInLog = 0;
		};
/* End PBXShellScriptBuildPhase section */

/* Begin PBXSourcesBuildPhase section */
		00E356EA1AD99517003FC87E /* Sources */ = {
			isa = PBXSourcesBuildPhase;
			buildActionMask = 2147483647;
			files = (
				00E356F31AD99517003FC87E /* plansaroundTests.m in Sources */,
			);
			runOnlyForDeploymentPostprocessing = 0;
		};
		13B07F871A680F5B00A75B9A /* Sources */ = {
			isa = PBXSourcesBuildPhase;
			buildActionMask = 2147483647;
			files = (
				8A71B4662BF89F27004E3522 /* AIRGoogleMapCalloutManager.m in Sources */,
				8A71B4762BF89F27004E3522 /* AIRGoogleMapUrlTile.m in Sources */,
				8A71B4772BF89F27004E3522 /* AIRGoogleMapURLTileManager.m in Sources */,
				8A71B4602BF89F27004E3522 /* AIRDummyView.m in Sources */,
				8A71B46E2BF89F27004E3522 /* AIRGoogleMapMarker.m in Sources */,
				8A71B46D2BF89F27004E3522 /* AIRGoogleMapManager.m in Sources */,
				8A71B47A2BF89F27004E3522 /* RCTConvert+GMSMapViewType.m in Sources */,
				8A71B4622BF89F27004E3522 /* AIRGMSPolygon.m in Sources */,
				8A71B4632BF89F27004E3522 /* AIRGMSPolyline.m in Sources */,
				8A71B4652BF89F27004E3522 /* AIRGoogleMapCallout.m in Sources */,
				8A71B4682BF89F27004E3522 /* AIRGoogleMapCalloutSubviewManager.m in Sources */,
				8A71B46F2BF89F27004E3522 /* AIRGoogleMapMarkerManager.m in Sources */,
				8A71B4732BF89F27004E3522 /* AIRGoogleMapPolygonManager.m in Sources */,
				13B07FBC1A68108700A75B9A /* AppDelegate.mm in Sources */,
				8A71B46A2BF89F27004E3522 /* AIRGoogleMapCircleManager.m in Sources */,
				8A71B4642BF89F27004E3522 /* AIRGoogleMap.m in Sources */,
				8A71B4702BF89F27004E3522 /* AIRGoogleMapOverlay.m in Sources */,
				8A71B4782BF89F27004E3522 /* AIRGoogleMapWMSTile.m in Sources */,
				8A71B4752BF89F27004E3522 /* AIRGoogleMapPolylineManager.m in Sources */,
				8A71B4692BF89F27004E3522 /* AIRGoogleMapCircle.m in Sources */,
				8A71B4672BF89F27004E3522 /* AIRGoogleMapCalloutSubview.m in Sources */,
				8A71B4712BF89F27004E3522 /* AIRGoogleMapOverlayManager.m in Sources */,
				8A71B46B2BF89F27004E3522 /* AIRGoogleMapHeatmap.m in Sources */,
				8A71B4792BF89F27004E3522 /* AIRGoogleMapWMSTileManager.m in Sources */,
				8A71B4612BF89F27004E3522 /* AIRGMSMarker.m in Sources */,
				8A71B4742BF89F27004E3522 /* AIRGoogleMapPolyline.m in Sources */,
				13B07FC11A68108700A75B9A /* main.m in Sources */,
				8A71B4722BF89F27004E3522 /* AIRGoogleMapPolygon.m in Sources */,
				8A71B46C2BF89F27004E3522 /* AIRGoogleMapHeatmapManager.m in Sources */,
			);
			runOnlyForDeploymentPostprocessing = 0;
		};
/* End PBXSourcesBuildPhase section */

/* Begin PBXTargetDependency section */
		00E356F51AD99517003FC87E /* PBXTargetDependency */ = {
			isa = PBXTargetDependency;
			target = 13B07F861A680F5B00A75B9A /* plansaround */;
			targetProxy = 00E356F41AD99517003FC87E /* PBXContainerItemProxy */;
		};
/* End PBXTargetDependency section */

/* Begin XCBuildConfiguration section */
		00E356F61AD99517003FC87E /* Debug */ = {
			isa = XCBuildConfiguration;
			baseConfigurationReference = CB500F640295A79003AD8343 /* Pods-plansaround-plansaroundTests.debug.xcconfig */;
			buildSettings = {
				BUNDLE_LOADER = "$(TEST_HOST)";
				GCC_PREPROCESSOR_DEFINITIONS = (
					"DEBUG=1",
					"$(inherited)",
				);
				INFOPLIST_FILE = plansaroundTests/Info.plist;
				IPHONEOS_DEPLOYMENT_TARGET = 12.4;
				LD_RUNPATH_SEARCH_PATHS = (
					"$(inherited)",
					"@executable_path/Frameworks",
					"@loader_path/Frameworks",
				);
				OTHER_LDFLAGS = (
					"-ObjC",
					"-lc++",
					"$(inherited)",
				);
				PRODUCT_BUNDLE_IDENTIFIER = "org.reactjs.native.example.$(PRODUCT_NAME:rfc1034identifier)";
				PRODUCT_NAME = "$(TARGET_NAME)";
				TEST_HOST = "$(BUILT_PRODUCTS_DIR)/plansaround.app/plansaround";
			};
			name = Debug;
		};
		00E356F71AD99517003FC87E /* Release */ = {
			isa = XCBuildConfiguration;
			baseConfigurationReference = B61D17622F9D9C3688A64D31 /* Pods-plansaround-plansaroundTests.release.xcconfig */;
			buildSettings = {
				BUNDLE_LOADER = "$(TEST_HOST)";
				COPY_PHASE_STRIP = NO;
				INFOPLIST_FILE = plansaroundTests/Info.plist;
				IPHONEOS_DEPLOYMENT_TARGET = 12.4;
				LD_RUNPATH_SEARCH_PATHS = (
					"$(inherited)",
					"@executable_path/Frameworks",
					"@loader_path/Frameworks",
				);
				OTHER_LDFLAGS = (
					"-ObjC",
					"-lc++",
					"$(inherited)",
				);
				PRODUCT_BUNDLE_IDENTIFIER = "org.reactjs.native.example.$(PRODUCT_NAME:rfc1034identifier)";
				PRODUCT_NAME = "$(TARGET_NAME)";
				TEST_HOST = "$(BUILT_PRODUCTS_DIR)/plansaround.app/plansaround";
			};
			name = Release;
		};
		13B07F941A680F5B00A75B9A /* Debug */ = {
			isa = XCBuildConfiguration;
			baseConfigurationReference = A3B6276DF2E062887C8E2868 /* Pods-plansaround.debug.xcconfig */;
			buildSettings = {
				ASSETCATALOG_COMPILER_APPICON_NAME = AppIcon;
				ASSETCATALOG_COMPILER_INCLUDE_ALL_APPICON_ASSETS = YES;
				CLANG_ENABLE_MODULES = YES;
				CODE_SIGN_ENTITLEMENTS = plansaround/plansaround.entitlements;
				CURRENT_PROJECT_VERSION = 1;
				DEVELOPMENT_TEAM = 8YUTS4Y64U;
				ENABLE_BITCODE = NO;
				GCC_PREPROCESSOR_DEFINITIONS = (
					"$(inherited)",
					"COCOAPODS=1",
					"FB_SONARKIT_ENABLED=1",
					"$(inherited)",
					"PB_FIELD_32BIT=1",
					"PB_NO_PACKED_STRUCTS=1",
					"PB_ENABLE_MALLOC=1",
					"HAVE_GOOGLE_MAPS=1",
				);
				INFOPLIST_FILE = plansaround/Info.plist;
				INFOPLIST_KEY_CFBundleDisplayName = Plansaround;
				INFOPLIST_KEY_LSApplicationCategoryType = "public.app-category.food-and-drink";
				IPHONEOS_DEPLOYMENT_TARGET = 13.0;
				LD_RUNPATH_SEARCH_PATHS = (
					"$(inherited)",
					"@executable_path/Frameworks",
				);
				MARKETING_VERSION = 1.0;
				OTHER_LDFLAGS = (
					"$(inherited)",
					"-ObjC",
					"-lc++",
				);
				PRODUCT_BUNDLE_IDENTIFIER = com.plansaround;
				PRODUCT_NAME = plansaround;
				SWIFT_OPTIMIZATION_LEVEL = "-Onone";
				SWIFT_VERSION = 5.0;
				VERSIONING_SYSTEM = "apple-generic";
			};
			name = Debug;
		};
		13B07F951A680F5B00A75B9A /* Release */ = {
			isa = XCBuildConfiguration;
			baseConfigurationReference = 3D21724A0F919345C9FD4F1D /* Pods-plansaround.release.xcconfig */;
			buildSettings = {
				ASSETCATALOG_COMPILER_APPICON_NAME = AppIcon;
				ASSETCATALOG_COMPILER_INCLUDE_ALL_APPICON_ASSETS = YES;
				CLANG_ENABLE_MODULES = YES;
				CODE_SIGN_ENTITLEMENTS = plansaround/plansaround.entitlements;
				CURRENT_PROJECT_VERSION = 1;
				DEVELOPMENT_TEAM = 8YUTS4Y64U;
				GCC_PREPROCESSOR_DEFINITIONS = (
					"$(inherited)",
					"COCOAPODS=1",
					"$(inherited)",
					"PB_FIELD_32BIT=1",
					"PB_NO_PACKED_STRUCTS=1",
					"PB_ENABLE_MALLOC=1",
					"HAVE_GOOGLE_MAPS=1",
				);
				INFOPLIST_FILE = plansaround/Info.plist;
				INFOPLIST_KEY_CFBundleDisplayName = Plansaround;
				INFOPLIST_KEY_LSApplicationCategoryType = "public.app-category.food-and-drink";
				IPHONEOS_DEPLOYMENT_TARGET = 13.0;
				LD_RUNPATH_SEARCH_PATHS = (
					"$(inherited)",
					"@executable_path/Frameworks",
				);
				MARKETING_VERSION = 1.0;
				OTHER_LDFLAGS = (
					"$(inherited)",
					"-ObjC",
					"-lc++",
				);
				PRODUCT_BUNDLE_IDENTIFIER = com.plansaround;
				PRODUCT_NAME = plansaround;
				SWIFT_VERSION = 5.0;
				VERSIONING_SYSTEM = "apple-generic";
			};
			name = Release;
		};
		83CBBA201A601CBA00E9B192 /* Debug */ = {
			isa = XCBuildConfiguration;
			buildSettings = {
				ALWAYS_SEARCH_USER_PATHS = NO;
				CLANG_ANALYZER_LOCALIZABILITY_NONLOCALIZED = YES;
				CLANG_CXX_LANGUAGE_STANDARD = "c++17";
				CLANG_CXX_LIBRARY = "libc++";
				CLANG_ENABLE_MODULES = YES;
				CLANG_ENABLE_OBJC_ARC = YES;
				CLANG_WARN_BLOCK_CAPTURE_AUTORELEASING = YES;
				CLANG_WARN_BOOL_CONVERSION = YES;
				CLANG_WARN_COMMA = YES;
				CLANG_WARN_CONSTANT_CONVERSION = YES;
				CLANG_WARN_DEPRECATED_OBJC_IMPLEMENTATIONS = YES;
				CLANG_WARN_DIRECT_OBJC_ISA_USAGE = YES_ERROR;
				CLANG_WARN_EMPTY_BODY = YES;
				CLANG_WARN_ENUM_CONVERSION = YES;
				CLANG_WARN_INFINITE_RECURSION = YES;
				CLANG_WARN_INT_CONVERSION = YES;
				CLANG_WARN_NON_LITERAL_NULL_CONVERSION = YES;
				CLANG_WARN_OBJC_IMPLICIT_RETAIN_SELF = YES;
				CLANG_WARN_OBJC_LITERAL_CONVERSION = YES;
				CLANG_WARN_OBJC_ROOT_CLASS = YES_ERROR;
				CLANG_WARN_QUOTED_INCLUDE_IN_FRAMEWORK_HEADER = YES;
				CLANG_WARN_RANGE_LOOP_ANALYSIS = YES;
				CLANG_WARN_STRICT_PROTOTYPES = YES;
				CLANG_WARN_SUSPICIOUS_MOVE = YES;
				CLANG_WARN_UNREACHABLE_CODE = YES;
				CLANG_WARN__DUPLICATE_METHOD_MATCH = YES;
				"CODE_SIGN_IDENTITY[sdk=iphoneos*]" = "iPhone Developer";
				COPY_PHASE_STRIP = NO;
				ENABLE_STRICT_OBJC_MSGSEND = YES;
				ENABLE_TESTABILITY = YES;
				EXCLUDED_ARCHS = "";
				"EXCLUDED_ARCHS[sdk=iphonesimulator*]" = arm64;
				GCC_C_LANGUAGE_STANDARD = gnu99;
				GCC_DYNAMIC_NO_PIC = NO;
				GCC_NO_COMMON_BLOCKS = YES;
				GCC_OPTIMIZATION_LEVEL = 0;
				GCC_PREPROCESSOR_DEFINITIONS = (
					"DEBUG=1",
					"$(inherited)",
					_LIBCPP_ENABLE_CXX17_REMOVED_UNARY_BINARY_FUNCTION,
					"HAVE_GOOGLE_MAPS=1",
					"HAVE_GOOGLE_MAPS_UTILS=1",
				);
				GCC_SYMBOLS_PRIVATE_EXTERN = NO;
				GCC_WARN_64_TO_32_BIT_CONVERSION = YES;
				GCC_WARN_ABOUT_RETURN_TYPE = YES_ERROR;
				GCC_WARN_UNDECLARED_SELECTOR = YES;
				GCC_WARN_UNINITIALIZED_AUTOS = YES_AGGRESSIVE;
				GCC_WARN_UNUSED_FUNCTION = YES;
				GCC_WARN_UNUSED_VARIABLE = YES;
				HEADER_SEARCH_PATHS = "$(SRCROOT)/../node_modules/react-native-maps/lib/ios/AirMaps/**";
				IPHONEOS_DEPLOYMENT_TARGET = 13.0;
				LD_RUNPATH_SEARCH_PATHS = (
					/usr/lib/swift,
					"$(inherited)",
				);
				LIBRARY_SEARCH_PATHS = (
					"\"$(SDKROOT)/usr/lib/swift\"",
					"\"$(TOOLCHAIN_DIR)/usr/lib/swift/$(PLATFORM_NAME)\"",
					"\"$(inherited)\"",
				);
				MTL_ENABLE_DEBUG_INFO = YES;
				ONLY_ACTIVE_ARCH = YES;
				OTHER_CFLAGS = "$(inherited)";
				OTHER_CPLUSPLUSFLAGS = (
					"$(OTHER_CFLAGS)",
					"-DFOLLY_NO_CONFIG",
					"-DFOLLY_MOBILE=1",
					"-DFOLLY_USE_LIBCPP=1",
				);
				OTHER_LDFLAGS = (
					"$(inherited)",
					"-Wl",
					"-ld_classic",
					"-Wl",
					"-ld_classic",
					"-Wl",
					"-ld_classic",
					"-Wl",
					"-ld_classic",
					"-Wl",
					"-ld_classic",
					"-Wl",
					"-ld_classic",
					"-Wl",
					"-ld_classic",
					"-Wl",
					"-ld_classic",
					"-Wl",
					"-ld_classic",
					"-Wl",
					"-ld_classic",
					"-Wl",
					"-ld_classic",
					"-Wl",
					"-ld_classic",
					"-Wl",
					"-ld_classic",
					"-Wl",
					"-ld_classic",
					"-Wl",
					"-ld_classic",
					"-Wl",
					"-ld_classic",
					"-Wl",
					"-ld_classic",
					"-Wl",
					"-ld_classic",
					"$(inherited)",
				);
				REACT_NATIVE_PATH = "${PODS_ROOT}/../../node_modules/react-native";
				SDKROOT = iphoneos;
			};
			name = Debug;
		};
		83CBBA211A601CBA00E9B192 /* Release */ = {
			isa = XCBuildConfiguration;
			buildSettings = {
				ALWAYS_SEARCH_USER_PATHS = NO;
				CLANG_ANALYZER_LOCALIZABILITY_NONLOCALIZED = YES;
				CLANG_CXX_LANGUAGE_STANDARD = "c++17";
				CLANG_CXX_LIBRARY = "libc++";
				CLANG_ENABLE_MODULES = YES;
				CLANG_ENABLE_OBJC_ARC = YES;
				CLANG_WARN_BLOCK_CAPTURE_AUTORELEASING = YES;
				CLANG_WARN_BOOL_CONVERSION = YES;
				CLANG_WARN_COMMA = YES;
				CLANG_WARN_CONSTANT_CONVERSION = YES;
				CLANG_WARN_DEPRECATED_OBJC_IMPLEMENTATIONS = YES;
				CLANG_WARN_DIRECT_OBJC_ISA_USAGE = YES_ERROR;
				CLANG_WARN_EMPTY_BODY = YES;
				CLANG_WARN_ENUM_CONVERSION = YES;
				CLANG_WARN_INFINITE_RECURSION = YES;
				CLANG_WARN_INT_CONVERSION = YES;
				CLANG_WARN_NON_LITERAL_NULL_CONVERSION = YES;
				CLANG_WARN_OBJC_IMPLICIT_RETAIN_SELF = YES;
				CLANG_WARN_OBJC_LITERAL_CONVERSION = YES;
				CLANG_WARN_OBJC_ROOT_CLASS = YES_ERROR;
				CLANG_WARN_QUOTED_INCLUDE_IN_FRAMEWORK_HEADER = YES;
				CLANG_WARN_RANGE_LOOP_ANALYSIS = YES;
				CLANG_WARN_STRICT_PROTOTYPES = YES;
				CLANG_WARN_SUSPICIOUS_MOVE = YES;
				CLANG_WARN_UNREACHABLE_CODE = YES;
				CLANG_WARN__DUPLICATE_METHOD_MATCH = YES;
				"CODE_SIGN_IDENTITY[sdk=iphoneos*]" = "iPhone Developer";
				COPY_PHASE_STRIP = YES;
				ENABLE_NS_ASSERTIONS = NO;
				ENABLE_STRICT_OBJC_MSGSEND = YES;
				ENABLE_TESTABILITY = YES;
				"EXCLUDED_ARCHS[sdk=iphonesimulator*]" = arm64;
				GCC_C_LANGUAGE_STANDARD = gnu99;
				GCC_NO_COMMON_BLOCKS = YES;
				GCC_PREPROCESSOR_DEFINITIONS = (
					"$(inherited)",
					_LIBCPP_ENABLE_CXX17_REMOVED_UNARY_BINARY_FUNCTION,
					"HAVE_GOOGLE_MAPS=1",
					"HAVE_GOOGLE_MAPS_UTILS=1",
				);
				GCC_WARN_64_TO_32_BIT_CONVERSION = YES;
				GCC_WARN_ABOUT_RETURN_TYPE = YES_ERROR;
				GCC_WARN_UNDECLARED_SELECTOR = YES;
				GCC_WARN_UNINITIALIZED_AUTOS = YES_AGGRESSIVE;
				GCC_WARN_UNUSED_FUNCTION = YES;
				GCC_WARN_UNUSED_VARIABLE = YES;
				HEADER_SEARCH_PATHS = "$(SRCROOT)/../node_modules/react-native-maps/lib/ios/AirMaps/**";
				IPHONEOS_DEPLOYMENT_TARGET = 13.0;
				LD_RUNPATH_SEARCH_PATHS = (
					/usr/lib/swift,
					"$(inherited)",
				);
				LIBRARY_SEARCH_PATHS = (
					"\"$(SDKROOT)/usr/lib/swift\"",
					"\"$(TOOLCHAIN_DIR)/usr/lib/swift/$(PLATFORM_NAME)\"",
					"\"$(inherited)\"",
				);
				MTL_ENABLE_DEBUG_INFO = NO;
				OTHER_CFLAGS = "$(inherited)";
				OTHER_CPLUSPLUSFLAGS = (
					"$(OTHER_CFLAGS)",
					"-DFOLLY_NO_CONFIG",
					"-DFOLLY_MOBILE=1",
					"-DFOLLY_USE_LIBCPP=1",
				);
				OTHER_LDFLAGS = (
					"$(inherited)",
					"-Wl",
					"-ld_classic",
					"-Wl",
					"-ld_classic",
					"-Wl",
					"-ld_classic",
					"-Wl",
					"-ld_classic",
					"-Wl",
					"-ld_classic",
					"-Wl",
					"-ld_classic",
					"-Wl",
					"-ld_classic",
					"-Wl",
					"-ld_classic",
					"-Wl",
					"-ld_classic",
					"-Wl",
					"-ld_classic",
					"-Wl",
					"-ld_classic",
					"-Wl",
					"-ld_classic",
					"-Wl",
					"-ld_classic",
					"-Wl",
					"-ld_classic",
					"-Wl",
					"-ld_classic",
					"-Wl",
					"-ld_classic",
					"-Wl",
					"-ld_classic",
					"-Wl",
					"-ld_classic",
					"$(inherited)",
				);
				REACT_NATIVE_PATH = "${PODS_ROOT}/../../node_modules/react-native";
				SDKROOT = iphoneos;
				VALIDATE_PRODUCT = YES;
			};
			name = Release;
		};
/* End XCBuildConfiguration section */

/* Begin XCConfigurationList section */
		00E357021AD99517003FC87E /* Build configuration list for PBXNativeTarget "plansaroundTests" */ = {
			isa = XCConfigurationList;
			buildConfigurations = (
				00E356F61AD99517003FC87E /* Debug */,
				00E356F71AD99517003FC87E /* Release */,
			);
			defaultConfigurationIsVisible = 0;
			defaultConfigurationName = Debug;
		};
		13B07F931A680F5B00A75B9A /* Build configuration list for PBXNativeTarget "plansaround" */ = {
			isa = XCConfigurationList;
			buildConfigurations = (
				13B07F941A680F5B00A75B9A /* Debug */,
				13B07F951A680F5B00A75B9A /* Release */,
			);
			defaultConfigurationIsVisible = 0;
			defaultConfigurationName = Debug;
		};
		83CBB9FA1A601CBA00E9B192 /* Build configuration list for PBXProject "plansaround" */ = {
			isa = XCConfigurationList;
			buildConfigurations = (
				83CBBA201A601CBA00E9B192 /* Debug */,
				83CBBA211A601CBA00E9B192 /* Release */,
			);
			defaultConfigurationIsVisible = 0;
			defaultConfigurationName = Debug;
		};
/* End XCConfigurationList section */
	};
	rootObject = 83CBB9F71A601CBA00E9B192 /* Project object */;
}
